// !$*UTF8*$!
{
	archiveVersion = 1;
	classes = {
	};
	objectVersion = 52;
	objects = {

/* Begin PBXBuildFile section */
		2F94C5F22536543600DF8866 /* SceneDelegate+CardinalKit.swift in Sources */ = {isa = PBXBuildFile; fileRef = 2F94C5F12536543600DF8866 /* SceneDelegate+CardinalKit.swift */; };
		4453014225FD5EDD00F7AB22 /* ProgressUIView.swift in Sources */ = {isa = PBXBuildFile; fileRef = 4453014125FD5EDD00F7AB22 /* ProgressUIView.swift */; };
		4453014625FD7B7F00F7AB22 /* NotificationStepViewController.swift in Sources */ = {isa = PBXBuildFile; fileRef = 4453014525FD7B7E00F7AB22 /* NotificationStepViewController.swift */; };
		4469456B25FF28D000891851 /* NotificationData.json in Resources */ = {isa = PBXBuildFile; fileRef = 4469456A25FF28D000891851 /* NotificationData.json */; };
		4469456D25FF2AD000891851 /* Notification.swift in Sources */ = {isa = PBXBuildFile; fileRef = 4469456C25FF2AD000891851 /* Notification.swift */; };
		44CD173D25F85D7600054F0E /* LoginExistingUserViewController.swift in Sources */ = {isa = PBXBuildFile; fileRef = 44CD173C25F85D7600054F0E /* LoginExistingUserViewController.swift */; };
		44F5403325D3BD1F00B15111 /* TeamUIView.swift in Sources */ = {isa = PBXBuildFile; fileRef = 44F5403225D3BD1F00B15111 /* TeamUIView.swift */; };
		44F5403525D45AEB00B15111 /* ProfileDetail.swift in Sources */ = {isa = PBXBuildFile; fileRef = 44F5403425D45AEB00B15111 /* ProfileDetail.swift */; };
		44F5403825D464F100B15111 /* ProfileData.json in Resources */ = {isa = PBXBuildFile; fileRef = 44F5403725D464F100B15111 /* ProfileData.json */; };
		44F5403C25D4663E00B15111 /* Profile.swift in Sources */ = {isa = PBXBuildFile; fileRef = 44F5403B25D4663E00B15111 /* Profile.swift */; };
		44F5403E25D4669700B15111 /* ModelData.swift in Sources */ = {isa = PBXBuildFile; fileRef = 44F5403D25D4669700B15111 /* ModelData.swift */; };
		44F5404025D468B400B15111 /* ProfileRow.swift in Sources */ = {isa = PBXBuildFile; fileRef = 44F5403F25D468B400B15111 /* ProfileRow.swift */; };
		8E0A43AC244A4A0400656518 /* CKStudyUser.swift in Sources */ = {isa = PBXBuildFile; fileRef = 8E0A4382244A4A0400656518 /* CKStudyUser.swift */; };
		8E0A43AD244A4A0400656518 /* Constants.swift in Sources */ = {isa = PBXBuildFile; fileRef = 8E0A4384244A4A0400656518 /* Constants.swift */; };
		8E0A43AE244A4A0400656518 /* ORKESerialization.m in Sources */ = {isa = PBXBuildFile; fileRef = 8E0A4386244A4A0400656518 /* ORKESerialization.m */; };
		8E0A43AF244A4A0400656518 /* Assets.xcassets in Resources */ = {isa = PBXBuildFile; fileRef = 8E0A4388244A4A0400656518 /* Assets.xcassets */; };
		8E0A43B0244A4A0400656518 /* LaunchScreen.storyboard in Resources */ = {isa = PBXBuildFile; fileRef = 8E0A4389244A4A0400656518 /* LaunchScreen.storyboard */; };
		8E0A43B3244A4A0400656518 /* TaskSamples.swift in Sources */ = {isa = PBXBuildFile; fileRef = 8E0A438F244A4A0400656518 /* TaskSamples.swift */; };
		8E0A43B5244A4A0400656518 /* TaskItem.swift in Sources */ = {isa = PBXBuildFile; fileRef = 8E0A4391244A4A0400656518 /* TaskItem.swift */; };
		8E0A43B9244A4A0400656518 /* AppDelegate.swift in Sources */ = {isa = PBXBuildFile; fileRef = 8E0A4396244A4A0400656518 /* AppDelegate.swift */; };
		8E0A43BE244A4A0400656518 /* CKHealthDataStepViewController.swift in Sources */ = {isa = PBXBuildFile; fileRef = 8E0A439D244A4A0400656518 /* CKHealthDataStepViewController.swift */; };
		8E0A43C0244A4A0400656518 /* PasswordlessLoginStep.swift in Sources */ = {isa = PBXBuildFile; fileRef = 8E0A439F244A4A0400656518 /* PasswordlessLoginStep.swift */; };
		8E0A43C1244A4A0400656518 /* LoginCustomWaitStepView.xib in Resources */ = {isa = PBXBuildFile; fileRef = 8E0A43A1244A4A0400656518 /* LoginCustomWaitStepView.xib */; };
		8E0A43C2244A4A0400656518 /* ConsentDocument.swift in Sources */ = {isa = PBXBuildFile; fileRef = 8E0A43A2244A4A0400656518 /* ConsentDocument.swift */; };
		8E0A43C3244A4A0400656518 /* LoginCustomWaitStepViewController.swift in Sources */ = {isa = PBXBuildFile; fileRef = 8E0A43A3244A4A0400656518 /* LoginCustomWaitStepViewController.swift */; };
		8E0A43CE244A60D800656518 /* Pods_CardinalKit_Example.framework in Frameworks */ = {isa = PBXBuildFile; fileRef = 1D31556B648F48DA664CEE80 /* Pods_CardinalKit_Example.framework */; };
		8E0A43D5244A693D00656518 /* HealthKit.framework in Frameworks */ = {isa = PBXBuildFile; fileRef = 8E0A43D4244A693D00656518 /* HealthKit.framework */; };
		8E40DC042471E5940027536B /* CKNetworkManager.swift in Sources */ = {isa = PBXBuildFile; fileRef = 8E40DC032471E5940027536B /* CKNetworkManager.swift */; };
		8E6E1E092534F4100024B8DF /* OnboardingViewController.swift in Sources */ = {isa = PBXBuildFile; fileRef = 8E6E1E082534F4100024B8DF /* OnboardingViewController.swift */; };
		8E6E1E0B2534FF640024B8DF /* OnboardingViewController+Coordinator.swift in Sources */ = {isa = PBXBuildFile; fileRef = 8E6E1E0A2534FF640024B8DF /* OnboardingViewController+Coordinator.swift */; };
		8E6E1E0D25351D8F0024B8DF /* PageViewController.swift in Sources */ = {isa = PBXBuildFile; fileRef = 8E6E1E0C25351D8F0024B8DF /* PageViewController.swift */; };
		8E6E1E1025351E890024B8DF /* Extensions+UIColor.swift in Sources */ = {isa = PBXBuildFile; fileRef = 8E6E1E0F25351E890024B8DF /* Extensions+UIColor.swift */; };
		8E6E1E1225351F830024B8DF /* DocumentPreviewViewController.swift in Sources */ = {isa = PBXBuildFile; fileRef = 8E6E1E1125351F830024B8DF /* DocumentPreviewViewController.swift */; };
		8E6E1E14253520440024B8DF /* PasscodeViewController.swift in Sources */ = {isa = PBXBuildFile; fileRef = 8E6E1E13253520440024B8DF /* PasscodeViewController.swift */; };
		8E6E1E16253524500024B8DF /* WithdrawalViewController.swift in Sources */ = {isa = PBXBuildFile; fileRef = 8E6E1E15253524500024B8DF /* WithdrawalViewController.swift */; };
		8E6E1E182535263F0024B8DF /* CKTaskViewController.swift in Sources */ = {isa = PBXBuildFile; fileRef = 8E6E1E172535263F0024B8DF /* CKTaskViewController.swift */; };
		8E6E1E1A253528450024B8DF /* WithdrawView.swift in Sources */ = {isa = PBXBuildFile; fileRef = 8E6E1E19253528450024B8DF /* WithdrawView.swift */; };
		8E6E1E1C253528D70024B8DF /* ReportView.swift in Sources */ = {isa = PBXBuildFile; fileRef = 8E6E1E1B253528D70024B8DF /* ReportView.swift */; };
		8E6E1E1E253528F50024B8DF /* SupportView.swift in Sources */ = {isa = PBXBuildFile; fileRef = 8E6E1E1D253528F50024B8DF /* SupportView.swift */; };
		8E6E1E20253529760024B8DF /* DocumentView.swift in Sources */ = {isa = PBXBuildFile; fileRef = 8E6E1E1F253529760024B8DF /* DocumentView.swift */; };
		8E6E1E2225352C780024B8DF /* OnboardingUIView.swift in Sources */ = {isa = PBXBuildFile; fileRef = 8E6E1E2125352C780024B8DF /* OnboardingUIView.swift */; };
		8E6E1E24253537580024B8DF /* MainUIView.swift in Sources */ = {isa = PBXBuildFile; fileRef = 8E6E1E23253537580024B8DF /* MainUIView.swift */; };
		8E6E1E26253537E40024B8DF /* TasksUIView.swift in Sources */ = {isa = PBXBuildFile; fileRef = 8E6E1E25253537E40024B8DF /* TasksUIView.swift */; };
		8E6E1E28253538CC0024B8DF /* TaskListItemView.swift in Sources */ = {isa = PBXBuildFile; fileRef = 8E6E1E27253538CC0024B8DF /* TaskListItemView.swift */; };
		8E6E1E2A2535398D0024B8DF /* HelpView.swift in Sources */ = {isa = PBXBuildFile; fileRef = 8E6E1E292535398D0024B8DF /* HelpView.swift */; };
		8E6E1E2C253539AE0024B8DF /* ChangePasscodeView.swift in Sources */ = {isa = PBXBuildFile; fileRef = 8E6E1E2B253539AE0024B8DF /* ChangePasscodeView.swift */; };
		8E6E1E2E25353A1E0024B8DF /* PatientIDView.swift in Sources */ = {isa = PBXBuildFile; fileRef = 8E6E1E2D25353A1E0024B8DF /* PatientIDView.swift */; };
		8E6E1E3225353ABE0024B8DF /* ProfileUIView.swift in Sources */ = {isa = PBXBuildFile; fileRef = 8E6E1E3125353ABE0024B8DF /* ProfileUIView.swift */; };
		8E6E1E3425353AFE0024B8DF /* EmailHelper.swift in Sources */ = {isa = PBXBuildFile; fileRef = 8E6E1E3325353AFE0024B8DF /* EmailHelper.swift */; };
		8E7FFFB425DCE9B7002982B4 /* CKUploadToGCPTaskViewControllerDelegate.swift in Sources */ = {isa = PBXBuildFile; fileRef = 8E7FFFB325DCE9B7002982B4 /* CKUploadToGCPTaskViewControllerDelegate.swift */; };
		8E7FFFB825DE350A002982B4 /* CoffeeUIView.swift in Sources */ = {isa = PBXBuildFile; fileRef = 8E7FFFB725DE350A002982B4 /* CoffeeUIView.swift */; };
		8E7FFFBB25DE37FF002982B4 /* CoffeePieChartView.swift in Sources */ = {isa = PBXBuildFile; fileRef = 8E7FFFBA25DE37FF002982B4 /* CoffeePieChartView.swift */; };
		8E7FFFBD25DE38E4002982B4 /* CoffeeChartDataSource.swift in Sources */ = {isa = PBXBuildFile; fileRef = 8E7FFFBC25DE38E4002982B4 /* CoffeeChartDataSource.swift */; };
		8E9CDE912591534B00C8A228 /* CareKitStore in Frameworks */ = {isa = PBXBuildFile; productRef = 8E9CDE902591534B00C8A228 /* CareKitStore */; };
		8E9CDE932591534B00C8A228 /* CareKitFHIR in Frameworks */ = {isa = PBXBuildFile; productRef = 8E9CDE922591534B00C8A228 /* CareKitFHIR */; };
		8E9CDE952591534B00C8A228 /* CareKit in Frameworks */ = {isa = PBXBuildFile; productRef = 8E9CDE942591534B00C8A228 /* CareKit */; };
		8E9CDE972591534B00C8A228 /* CareKitUI in Frameworks */ = {isa = PBXBuildFile; productRef = 8E9CDE962591534B00C8A228 /* CareKitUI */; };
		8E9CDEA725916B2800C8A228 /* ScheduleViewControllerRepresentable.swift in Sources */ = {isa = PBXBuildFile; fileRef = 8E9CDEA625916B2800C8A228 /* ScheduleViewControllerRepresentable.swift */; };
		8E9CDEA925916E6600C8A228 /* ScheduleViewController.swift in Sources */ = {isa = PBXBuildFile; fileRef = 8E9CDEA825916E6600C8A228 /* ScheduleViewController.swift */; };
		8E9CDEAD259170AD00C8A228 /* CKCareKitManager.swift in Sources */ = {isa = PBXBuildFile; fileRef = 8E9CDEAC259170AD00C8A228 /* CKCareKitManager.swift */; };
		8E9CDEAF259172C200C8A228 /* CKCareKitManager+Sample.swift in Sources */ = {isa = PBXBuildFile; fileRef = 8E9CDEAE259172C200C8A228 /* CKCareKitManager+Sample.swift */; };
		8E9CDEB22591739A00C8A228 /* TipView.swift in Sources */ = {isa = PBXBuildFile; fileRef = 8E9CDEB12591739A00C8A228 /* TipView.swift */; };
		8E9CDEB6259181B400C8A228 /* CareTeamViewControllerRepresentable.swift in Sources */ = {isa = PBXBuildFile; fileRef = 8E9CDEB5259181B400C8A228 /* CareTeamViewControllerRepresentable.swift */; };
		8E9CDEBA2591843200C8A228 /* CKConfig.swift in Sources */ = {isa = PBXBuildFile; fileRef = 8E9CDEB92591843200C8A228 /* CKConfig.swift */; };
		8E9CDED02591AC4A00C8A228 /* CKHealthKitManager.swift in Sources */ = {isa = PBXBuildFile; fileRef = 8E9CDECF2591AC4A00C8A228 /* CKHealthKitManager.swift */; };
		8E9CDF142591B73900C8A228 /* CKHealthRecordsManager.swift in Sources */ = {isa = PBXBuildFile; fileRef = 8E9CDF132591B73900C8A228 /* CKHealthRecordsManager.swift */; };
		8E9CDF832592844A00C8A228 /* LearnUIView.swift in Sources */ = {isa = PBXBuildFile; fileRef = 8E9CDF822592844A00C8A228 /* LearnUIView.swift */; };
		8E9CDFAE2592B79900C8A228 /* Metrics.swift in Sources */ = {isa = PBXBuildFile; fileRef = 8E9CDFAD2592B79900C8A228 /* Metrics.swift */; };
		8EA664232592E57200B6A45A /* SensorsDemoUIView.swift in Sources */ = {isa = PBXBuildFile; fileRef = 8EA664222592E57200B6A45A /* SensorsDemoUIView.swift */; };
		8EA6648725930B6B00B6A45A /* CKHealthRecordsStepViewController.swift in Sources */ = {isa = PBXBuildFile; fileRef = 8EA6648625930B6B00B6A45A /* CKHealthRecordsStepViewController.swift */; };
		8EA664892593213000B6A45A /* CKSendHelper.swift in Sources */ = {isa = PBXBuildFile; fileRef = 8EA664882593213000B6A45A /* CKSendHelper.swift */; };
		8EA664AD2593380D00B6A45A /* SendRecordsView.swift in Sources */ = {isa = PBXBuildFile; fileRef = 8EA664AC2593380D00B6A45A /* SendRecordsView.swift */; };
		8EA664B025941A4D00B6A45A /* SurveyItemViewController.swift in Sources */ = {isa = PBXBuildFile; fileRef = 8EA664AF25941A4D00B6A45A /* SurveyItemViewController.swift */; };
		8EA664B2259422E400B6A45A /* CKCareKitRemoteSyncWithFirestore.swift in Sources */ = {isa = PBXBuildFile; fileRef = 8EA664B1259422E400B6A45A /* CKCareKitRemoteSyncWithFirestore.swift */; };
		8EA664B42594387900B6A45A /* Errors.swift in Sources */ = {isa = PBXBuildFile; fileRef = 8EA664B32594387900B6A45A /* Errors.swift */; };
		8EBE6F9C24B3C0E60093D07C /* AppDelegate+CardinalKit.swift in Sources */ = {isa = PBXBuildFile; fileRef = 8EBE6F9B24B3C0E60093D07C /* AppDelegate+CardinalKit.swift */; };
		D253D132250D1BDB00A363E4 /* CKSignInWithAppleStep.swift in Sources */ = {isa = PBXBuildFile; fileRef = D253D131250D1BDB00A363E4 /* CKSignInWithAppleStep.swift */; };
		DA52062625F1FDBB00D7D0A7 /* TremorTaskViewController.swift in Sources */ = {isa = PBXBuildFile; fileRef = DA52062525F1FDBB00D7D0A7 /* TremorTaskViewController.swift */; };
		DA52062825F3242400D7D0A7 /* CheckInViewController.swift in Sources */ = {isa = PBXBuildFile; fileRef = DA52062725F3242400D7D0A7 /* CheckInViewController.swift */; };
		DA52062A25F32D1A00D7D0A7 /* SF12ViewController.swift in Sources */ = {isa = PBXBuildFile; fileRef = DA52062925F32D1900D7D0A7 /* SF12ViewController.swift */; };
		DA52064C25F45DAE00D7D0A7 /* DaysSinceSurgeryView.swift in Sources */ = {isa = PBXBuildFile; fileRef = DA52064B25F45DAE00D7D0A7 /* DaysSinceSurgeryView.swift */; };
		DA9C965425FEAF4500AE6CA4 /* GoogleService-Info.plist in Resources */ = {isa = PBXBuildFile; fileRef = DA9C965325FEAF4500AE6CA4 /* GoogleService-Info.plist */; };
		DA9C965725FEB76200AE6CA4 /* BloodPressureSurveyViewController.swift in Sources */ = {isa = PBXBuildFile; fileRef = DA9C965625FEB76200AE6CA4 /* BloodPressureSurveyViewController.swift */; };
		DA9C965925FEB7A900AE6CA4 /* ReadBloodPressureView.swift in Sources */ = {isa = PBXBuildFile; fileRef = DA9C965825FEB7A900AE6CA4 /* ReadBloodPressureView.swift */; };
		DA9C965C25FEB82000AE6CA4 /* DevicesView.swift in Sources */ = {isa = PBXBuildFile; fileRef = DA9C965B25FEB82000AE6CA4 /* DevicesView.swift */; };
		DA9C965E25FEB84B00AE6CA4 /* BLEManager.swift in Sources */ = {isa = PBXBuildFile; fileRef = DA9C965D25FEB84B00AE6CA4 /* BLEManager.swift */; };
		DA9C966125FEBB1F00AE6CA4 /* RoundedCornerGradientButtonStyle.swift in Sources */ = {isa = PBXBuildFile; fileRef = DA9C966025FEBB1F00AE6CA4 /* RoundedCornerGradientButtonStyle.swift */; };
		E235077724F7082700CC1899 /* SceneDelegate.swift in Sources */ = {isa = PBXBuildFile; fileRef = E235077624F7082700CC1899 /* SceneDelegate.swift */; };
		E29143FC24E74AD100EE97B2 /* LaunchUIView.swift in Sources */ = {isa = PBXBuildFile; fileRef = E29143FB24E74AD100EE97B2 /* LaunchUIView.swift */; };
		E2CB7FE524F730C80039C24A /* CKConfiguration-old.plist in Resources */ = {isa = PBXBuildFile; fileRef = E2CB7FE424F730C80039C24A /* CKConfiguration-old.plist */; };
		E2DF9F0A2500C9CE00A93B93 /* LoginViewController.swift in Sources */ = {isa = PBXBuildFile; fileRef = E2DF9F092500C9CE00A93B93 /* LoginViewController.swift */; };
		E2F1FD7624D61EDA006C39DF /* CKPropertyReader.swift in Sources */ = {isa = PBXBuildFile; fileRef = E2F1FD7524D61EDA006C39DF /* CKPropertyReader.swift */; };
		E2F1FD7824D62064006C39DF /* CKConfiguration.plist in Resources */ = {isa = PBXBuildFile; fileRef = E2F1FD7724D62064006C39DF /* CKConfiguration.plist */; };
/* End PBXBuildFile section */

/* Begin PBXCopyFilesBuildPhase section */
		8E0A43D0244A60D800656518 /* Embed Frameworks */ = {
			isa = PBXCopyFilesBuildPhase;
			buildActionMask = 2147483647;
			dstPath = "";
			dstSubfolderSpec = 10;
			files = (
			);
			name = "Embed Frameworks";
			runOnlyForDeploymentPostprocessing = 0;
		};
/* End PBXCopyFilesBuildPhase section */

/* Begin PBXFileReference section */
		00480E2D79186BE9405F0F72 /* Pods-CardinalKit_Tests.release.xcconfig */ = {isa = PBXFileReference; includeInIndex = 1; lastKnownFileType = text.xcconfig; name = "Pods-CardinalKit_Tests.release.xcconfig"; path = "Target Support Files/Pods-CardinalKit_Tests/Pods-CardinalKit_Tests.release.xcconfig"; sourceTree = "<group>"; };
		07D78DA16FC9C3C7709EA243 /* LICENSE */ = {isa = PBXFileReference; includeInIndex = 1; lastKnownFileType = text; name = LICENSE; path = ../LICENSE; sourceTree = "<group>"; };
		1D31556B648F48DA664CEE80 /* Pods_CardinalKit_Example.framework */ = {isa = PBXFileReference; explicitFileType = wrapper.framework; includeInIndex = 0; path = Pods_CardinalKit_Example.framework; sourceTree = BUILT_PRODUCTS_DIR; };
		2F94C5F12536543600DF8866 /* SceneDelegate+CardinalKit.swift */ = {isa = PBXFileReference; lastKnownFileType = sourcecode.swift; path = "SceneDelegate+CardinalKit.swift"; sourceTree = "<group>"; };
		41DC264876E45FE5A3FD8701 /* README.md */ = {isa = PBXFileReference; includeInIndex = 1; lastKnownFileType = net.daringfireball.markdown; name = README.md; path = ../README.md; sourceTree = "<group>"; };
		4453014125FD5EDD00F7AB22 /* ProgressUIView.swift */ = {isa = PBXFileReference; lastKnownFileType = sourcecode.swift; path = ProgressUIView.swift; sourceTree = "<group>"; };
		4453014525FD7B7E00F7AB22 /* NotificationStepViewController.swift */ = {isa = PBXFileReference; lastKnownFileType = sourcecode.swift; path = NotificationStepViewController.swift; sourceTree = "<group>"; };
		4469456A25FF28D000891851 /* NotificationData.json */ = {isa = PBXFileReference; fileEncoding = 4; lastKnownFileType = text.json; name = NotificationData.json; path = CardinalKit/Components/Schedule/NotificationData.json; sourceTree = SOURCE_ROOT; };
		4469456C25FF2AD000891851 /* Notification.swift */ = {isa = PBXFileReference; lastKnownFileType = sourcecode.swift; path = Notification.swift; sourceTree = "<group>"; };
		44CD173C25F85D7600054F0E /* LoginExistingUserViewController.swift */ = {isa = PBXFileReference; lastKnownFileType = sourcecode.swift; path = LoginExistingUserViewController.swift; sourceTree = "<group>"; };
		44F5403225D3BD1F00B15111 /* TeamUIView.swift */ = {isa = PBXFileReference; lastKnownFileType = sourcecode.swift; path = TeamUIView.swift; sourceTree = "<group>"; };
		44F5403425D45AEB00B15111 /* ProfileDetail.swift */ = {isa = PBXFileReference; lastKnownFileType = sourcecode.swift; path = ProfileDetail.swift; sourceTree = "<group>"; };
		44F5403725D464F100B15111 /* ProfileData.json */ = {isa = PBXFileReference; fileEncoding = 4; lastKnownFileType = text.json; path = ProfileData.json; sourceTree = "<group>"; };
		44F5403B25D4663E00B15111 /* Profile.swift */ = {isa = PBXFileReference; lastKnownFileType = sourcecode.swift; path = Profile.swift; sourceTree = "<group>"; };
		44F5403D25D4669700B15111 /* ModelData.swift */ = {isa = PBXFileReference; lastKnownFileType = sourcecode.swift; path = ModelData.swift; sourceTree = "<group>"; };
		44F5403F25D468B400B15111 /* ProfileRow.swift */ = {isa = PBXFileReference; lastKnownFileType = sourcecode.swift; path = ProfileRow.swift; sourceTree = "<group>"; };
		58275A0CAB0C7223B21F375D /* Pods-CardinalKit_Tests.debug.xcconfig */ = {isa = PBXFileReference; includeInIndex = 1; lastKnownFileType = text.xcconfig; name = "Pods-CardinalKit_Tests.debug.xcconfig"; path = "Target Support Files/Pods-CardinalKit_Tests/Pods-CardinalKit_Tests.debug.xcconfig"; sourceTree = "<group>"; };
		607FACD01AFB9204008FA782 /* CardinalKit Example.app */ = {isa = PBXFileReference; explicitFileType = wrapper.application; includeInIndex = 0; path = "CardinalKit Example.app"; sourceTree = BUILT_PRODUCTS_DIR; };
		62AA5CD1C2188D392530510F /* CardinalKit.podspec */ = {isa = PBXFileReference; includeInIndex = 1; lastKnownFileType = text; name = CardinalKit.podspec; path = ../CardinalKit.podspec; sourceTree = "<group>"; xcLanguageSpecificationIdentifier = xcode.lang.ruby; };
		630884219A5CB1E45383122C /* Pods-CardinalKit_Example.release.xcconfig */ = {isa = PBXFileReference; includeInIndex = 1; lastKnownFileType = text.xcconfig; name = "Pods-CardinalKit_Example.release.xcconfig"; path = "Target Support Files/Pods-CardinalKit_Example/Pods-CardinalKit_Example.release.xcconfig"; sourceTree = "<group>"; };
		8E0A4378244A4A0300656518 /* CardinalKit_Example-Bridging-Header.h */ = {isa = PBXFileReference; lastKnownFileType = sourcecode.c.h; path = "CardinalKit_Example-Bridging-Header.h"; sourceTree = "<group>"; };
		8E0A4382244A4A0400656518 /* CKStudyUser.swift */ = {isa = PBXFileReference; fileEncoding = 4; lastKnownFileType = sourcecode.swift; path = CKStudyUser.swift; sourceTree = "<group>"; };
		8E0A4384244A4A0400656518 /* Constants.swift */ = {isa = PBXFileReference; fileEncoding = 4; lastKnownFileType = sourcecode.swift; path = Constants.swift; sourceTree = "<group>"; };
		8E0A4386244A4A0400656518 /* ORKESerialization.m */ = {isa = PBXFileReference; fileEncoding = 4; lastKnownFileType = sourcecode.c.objc; path = ORKESerialization.m; sourceTree = "<group>"; };
		8E0A4387244A4A0400656518 /* ORKESerialization.h */ = {isa = PBXFileReference; fileEncoding = 4; lastKnownFileType = sourcecode.c.h; path = ORKESerialization.h; sourceTree = "<group>"; };
		8E0A4388244A4A0400656518 /* Assets.xcassets */ = {isa = PBXFileReference; lastKnownFileType = folder.assetcatalog; path = Assets.xcassets; sourceTree = "<group>"; };
		8E0A438A244A4A0400656518 /* Base */ = {isa = PBXFileReference; lastKnownFileType = file.storyboard; name = Base; path = Base.lproj/LaunchScreen.storyboard; sourceTree = "<group>"; };
		8E0A438B244A4A0400656518 /* CardinalKit-Example.entitlements */ = {isa = PBXFileReference; fileEncoding = 4; lastKnownFileType = text.plist.entitlements; path = "CardinalKit-Example.entitlements"; sourceTree = "<group>"; };
		8E0A438F244A4A0400656518 /* TaskSamples.swift */ = {isa = PBXFileReference; fileEncoding = 4; lastKnownFileType = sourcecode.swift; path = TaskSamples.swift; sourceTree = "<group>"; };
		8E0A4391244A4A0400656518 /* TaskItem.swift */ = {isa = PBXFileReference; fileEncoding = 4; lastKnownFileType = sourcecode.swift; path = TaskItem.swift; sourceTree = "<group>"; };
		8E0A4396244A4A0400656518 /* AppDelegate.swift */ = {isa = PBXFileReference; fileEncoding = 4; lastKnownFileType = sourcecode.swift; path = AppDelegate.swift; sourceTree = "<group>"; };
		8E0A439D244A4A0400656518 /* CKHealthDataStepViewController.swift */ = {isa = PBXFileReference; fileEncoding = 4; lastKnownFileType = sourcecode.swift; path = CKHealthDataStepViewController.swift; sourceTree = "<group>"; };
		8E0A439F244A4A0400656518 /* PasswordlessLoginStep.swift */ = {isa = PBXFileReference; fileEncoding = 4; lastKnownFileType = sourcecode.swift; path = PasswordlessLoginStep.swift; sourceTree = "<group>"; };
		8E0A43A1244A4A0400656518 /* LoginCustomWaitStepView.xib */ = {isa = PBXFileReference; fileEncoding = 4; lastKnownFileType = file.xib; path = LoginCustomWaitStepView.xib; sourceTree = "<group>"; };
		8E0A43A2244A4A0400656518 /* ConsentDocument.swift */ = {isa = PBXFileReference; fileEncoding = 4; lastKnownFileType = sourcecode.swift; path = ConsentDocument.swift; sourceTree = "<group>"; };
		8E0A43A3244A4A0400656518 /* LoginCustomWaitStepViewController.swift */ = {isa = PBXFileReference; fileEncoding = 4; lastKnownFileType = sourcecode.swift; path = LoginCustomWaitStepViewController.swift; sourceTree = "<group>"; };
		8E0A43C9244A4C6500656518 /* Info.plist */ = {isa = PBXFileReference; fileEncoding = 4; lastKnownFileType = text.plist.xml; path = Info.plist; sourceTree = "<group>"; };
		8E0A43D4244A693D00656518 /* HealthKit.framework */ = {isa = PBXFileReference; lastKnownFileType = wrapper.framework; name = HealthKit.framework; path = System/Library/Frameworks/HealthKit.framework; sourceTree = SDKROOT; };
		8E40DC032471E5940027536B /* CKNetworkManager.swift */ = {isa = PBXFileReference; lastKnownFileType = sourcecode.swift; path = CKNetworkManager.swift; sourceTree = "<group>"; };
		8E6E1E082534F4100024B8DF /* OnboardingViewController.swift */ = {isa = PBXFileReference; lastKnownFileType = sourcecode.swift; path = OnboardingViewController.swift; sourceTree = "<group>"; };
		8E6E1E0A2534FF640024B8DF /* OnboardingViewController+Coordinator.swift */ = {isa = PBXFileReference; lastKnownFileType = sourcecode.swift; path = "OnboardingViewController+Coordinator.swift"; sourceTree = "<group>"; };
		8E6E1E0C25351D8F0024B8DF /* PageViewController.swift */ = {isa = PBXFileReference; lastKnownFileType = sourcecode.swift; path = PageViewController.swift; sourceTree = "<group>"; };
		8E6E1E0F25351E890024B8DF /* Extensions+UIColor.swift */ = {isa = PBXFileReference; lastKnownFileType = sourcecode.swift; path = "Extensions+UIColor.swift"; sourceTree = "<group>"; };
		8E6E1E1125351F830024B8DF /* DocumentPreviewViewController.swift */ = {isa = PBXFileReference; lastKnownFileType = sourcecode.swift; path = DocumentPreviewViewController.swift; sourceTree = "<group>"; };
		8E6E1E13253520440024B8DF /* PasscodeViewController.swift */ = {isa = PBXFileReference; lastKnownFileType = sourcecode.swift; path = PasscodeViewController.swift; sourceTree = "<group>"; };
		8E6E1E15253524500024B8DF /* WithdrawalViewController.swift */ = {isa = PBXFileReference; lastKnownFileType = sourcecode.swift; path = WithdrawalViewController.swift; sourceTree = "<group>"; };
		8E6E1E172535263F0024B8DF /* CKTaskViewController.swift */ = {isa = PBXFileReference; lastKnownFileType = sourcecode.swift; path = CKTaskViewController.swift; sourceTree = "<group>"; };
		8E6E1E19253528450024B8DF /* WithdrawView.swift */ = {isa = PBXFileReference; lastKnownFileType = sourcecode.swift; path = WithdrawView.swift; sourceTree = "<group>"; };
		8E6E1E1B253528D70024B8DF /* ReportView.swift */ = {isa = PBXFileReference; lastKnownFileType = sourcecode.swift; path = ReportView.swift; sourceTree = "<group>"; };
		8E6E1E1D253528F50024B8DF /* SupportView.swift */ = {isa = PBXFileReference; lastKnownFileType = sourcecode.swift; path = SupportView.swift; sourceTree = "<group>"; };
		8E6E1E1F253529760024B8DF /* DocumentView.swift */ = {isa = PBXFileReference; lastKnownFileType = sourcecode.swift; path = DocumentView.swift; sourceTree = "<group>"; };
		8E6E1E2125352C780024B8DF /* OnboardingUIView.swift */ = {isa = PBXFileReference; lastKnownFileType = sourcecode.swift; path = OnboardingUIView.swift; sourceTree = "<group>"; };
		8E6E1E23253537580024B8DF /* MainUIView.swift */ = {isa = PBXFileReference; lastKnownFileType = sourcecode.swift; path = MainUIView.swift; sourceTree = "<group>"; };
		8E6E1E25253537E40024B8DF /* TasksUIView.swift */ = {isa = PBXFileReference; lastKnownFileType = sourcecode.swift; path = TasksUIView.swift; sourceTree = "<group>"; };
		8E6E1E27253538CC0024B8DF /* TaskListItemView.swift */ = {isa = PBXFileReference; lastKnownFileType = sourcecode.swift; path = TaskListItemView.swift; sourceTree = "<group>"; };
		8E6E1E292535398D0024B8DF /* HelpView.swift */ = {isa = PBXFileReference; lastKnownFileType = sourcecode.swift; path = HelpView.swift; sourceTree = "<group>"; };
		8E6E1E2B253539AE0024B8DF /* ChangePasscodeView.swift */ = {isa = PBXFileReference; lastKnownFileType = sourcecode.swift; path = ChangePasscodeView.swift; sourceTree = "<group>"; };
		8E6E1E2D25353A1E0024B8DF /* PatientIDView.swift */ = {isa = PBXFileReference; lastKnownFileType = sourcecode.swift; path = PatientIDView.swift; sourceTree = "<group>"; };
		8E6E1E3125353ABE0024B8DF /* ProfileUIView.swift */ = {isa = PBXFileReference; lastKnownFileType = sourcecode.swift; path = ProfileUIView.swift; sourceTree = "<group>"; };
		8E6E1E3325353AFE0024B8DF /* EmailHelper.swift */ = {isa = PBXFileReference; lastKnownFileType = sourcecode.swift; path = EmailHelper.swift; sourceTree = "<group>"; };
		8E7FFFB325DCE9B7002982B4 /* CKUploadToGCPTaskViewControllerDelegate.swift */ = {isa = PBXFileReference; lastKnownFileType = sourcecode.swift; path = CKUploadToGCPTaskViewControllerDelegate.swift; sourceTree = "<group>"; };
		8E7FFFB725DE350A002982B4 /* CoffeeUIView.swift */ = {isa = PBXFileReference; lastKnownFileType = sourcecode.swift; path = CoffeeUIView.swift; sourceTree = "<group>"; };
		8E7FFFBA25DE37FF002982B4 /* CoffeePieChartView.swift */ = {isa = PBXFileReference; lastKnownFileType = sourcecode.swift; path = CoffeePieChartView.swift; sourceTree = "<group>"; };
		8E7FFFBC25DE38E4002982B4 /* CoffeeChartDataSource.swift */ = {isa = PBXFileReference; lastKnownFileType = sourcecode.swift; path = CoffeeChartDataSource.swift; sourceTree = "<group>"; };
		8E9CDEA625916B2800C8A228 /* ScheduleViewControllerRepresentable.swift */ = {isa = PBXFileReference; lastKnownFileType = sourcecode.swift; path = ScheduleViewControllerRepresentable.swift; sourceTree = "<group>"; };
		8E9CDEA825916E6600C8A228 /* ScheduleViewController.swift */ = {isa = PBXFileReference; lastKnownFileType = sourcecode.swift; path = ScheduleViewController.swift; sourceTree = "<group>"; };
		8E9CDEAC259170AD00C8A228 /* CKCareKitManager.swift */ = {isa = PBXFileReference; lastKnownFileType = sourcecode.swift; path = CKCareKitManager.swift; sourceTree = "<group>"; };
		8E9CDEAE259172C200C8A228 /* CKCareKitManager+Sample.swift */ = {isa = PBXFileReference; lastKnownFileType = sourcecode.swift; path = "CKCareKitManager+Sample.swift"; sourceTree = "<group>"; };
		8E9CDEB12591739A00C8A228 /* TipView.swift */ = {isa = PBXFileReference; lastKnownFileType = sourcecode.swift; path = TipView.swift; sourceTree = "<group>"; };
		8E9CDEB5259181B400C8A228 /* CareTeamViewControllerRepresentable.swift */ = {isa = PBXFileReference; lastKnownFileType = sourcecode.swift; path = CareTeamViewControllerRepresentable.swift; sourceTree = "<group>"; };
		8E9CDEB92591843200C8A228 /* CKConfig.swift */ = {isa = PBXFileReference; lastKnownFileType = sourcecode.swift; path = CKConfig.swift; sourceTree = "<group>"; };
		8E9CDECF2591AC4A00C8A228 /* CKHealthKitManager.swift */ = {isa = PBXFileReference; lastKnownFileType = sourcecode.swift; path = CKHealthKitManager.swift; sourceTree = "<group>"; };
		8E9CDF132591B73900C8A228 /* CKHealthRecordsManager.swift */ = {isa = PBXFileReference; lastKnownFileType = sourcecode.swift; path = CKHealthRecordsManager.swift; sourceTree = "<group>"; };
		8E9CDF822592844A00C8A228 /* LearnUIView.swift */ = {isa = PBXFileReference; lastKnownFileType = sourcecode.swift; path = LearnUIView.swift; sourceTree = "<group>"; };
		8E9CDFAD2592B79900C8A228 /* Metrics.swift */ = {isa = PBXFileReference; lastKnownFileType = sourcecode.swift; path = Metrics.swift; sourceTree = "<group>"; };
		8EA664222592E57200B6A45A /* SensorsDemoUIView.swift */ = {isa = PBXFileReference; lastKnownFileType = sourcecode.swift; path = SensorsDemoUIView.swift; sourceTree = "<group>"; };
		8EA6648625930B6B00B6A45A /* CKHealthRecordsStepViewController.swift */ = {isa = PBXFileReference; lastKnownFileType = sourcecode.swift; path = CKHealthRecordsStepViewController.swift; sourceTree = "<group>"; };
		8EA664882593213000B6A45A /* CKSendHelper.swift */ = {isa = PBXFileReference; lastKnownFileType = sourcecode.swift; path = CKSendHelper.swift; sourceTree = "<group>"; };
		8EA664AC2593380D00B6A45A /* SendRecordsView.swift */ = {isa = PBXFileReference; lastKnownFileType = sourcecode.swift; path = SendRecordsView.swift; sourceTree = "<group>"; };
		8EA664AF25941A4D00B6A45A /* SurveyItemViewController.swift */ = {isa = PBXFileReference; lastKnownFileType = sourcecode.swift; path = SurveyItemViewController.swift; sourceTree = "<group>"; };
		8EA664B1259422E400B6A45A /* CKCareKitRemoteSyncWithFirestore.swift */ = {isa = PBXFileReference; lastKnownFileType = sourcecode.swift; path = CKCareKitRemoteSyncWithFirestore.swift; sourceTree = "<group>"; };
		8EA664B32594387900B6A45A /* Errors.swift */ = {isa = PBXFileReference; lastKnownFileType = sourcecode.swift; path = Errors.swift; sourceTree = "<group>"; };
		8EBE6F9B24B3C0E60093D07C /* AppDelegate+CardinalKit.swift */ = {isa = PBXFileReference; lastKnownFileType = sourcecode.swift; path = "AppDelegate+CardinalKit.swift"; sourceTree = "<group>"; };
		CB97C14C759E56B88E4E3941 /* Pods_CardinalKit_Tests.framework */ = {isa = PBXFileReference; explicitFileType = wrapper.framework; includeInIndex = 0; path = Pods_CardinalKit_Tests.framework; sourceTree = BUILT_PRODUCTS_DIR; };
		D253D131250D1BDB00A363E4 /* CKSignInWithAppleStep.swift */ = {isa = PBXFileReference; fileEncoding = 4; lastKnownFileType = sourcecode.swift; path = CKSignInWithAppleStep.swift; sourceTree = "<group>"; };
		DA52062525F1FDBB00D7D0A7 /* TremorTaskViewController.swift */ = {isa = PBXFileReference; lastKnownFileType = sourcecode.swift; path = TremorTaskViewController.swift; sourceTree = "<group>"; };
		DA52062725F3242400D7D0A7 /* CheckInViewController.swift */ = {isa = PBXFileReference; lastKnownFileType = sourcecode.swift; path = CheckInViewController.swift; sourceTree = "<group>"; };
		DA52062925F32D1900D7D0A7 /* SF12ViewController.swift */ = {isa = PBXFileReference; lastKnownFileType = sourcecode.swift; path = SF12ViewController.swift; sourceTree = "<group>"; };
		DA52064B25F45DAE00D7D0A7 /* DaysSinceSurgeryView.swift */ = {isa = PBXFileReference; lastKnownFileType = sourcecode.swift; path = DaysSinceSurgeryView.swift; sourceTree = "<group>"; };
		DA9C965325FEAF4500AE6CA4 /* GoogleService-Info.plist */ = {isa = PBXFileReference; fileEncoding = 4; lastKnownFileType = text.plist.xml; path = "GoogleService-Info.plist"; sourceTree = "<group>"; };
		DA9C965625FEB76200AE6CA4 /* BloodPressureSurveyViewController.swift */ = {isa = PBXFileReference; lastKnownFileType = sourcecode.swift; path = BloodPressureSurveyViewController.swift; sourceTree = "<group>"; };
		DA9C965825FEB7A900AE6CA4 /* ReadBloodPressureView.swift */ = {isa = PBXFileReference; lastKnownFileType = sourcecode.swift; path = ReadBloodPressureView.swift; sourceTree = "<group>"; };
		DA9C965B25FEB82000AE6CA4 /* DevicesView.swift */ = {isa = PBXFileReference; lastKnownFileType = sourcecode.swift; path = DevicesView.swift; sourceTree = "<group>"; };
		DA9C965D25FEB84B00AE6CA4 /* BLEManager.swift */ = {isa = PBXFileReference; lastKnownFileType = sourcecode.swift; path = BLEManager.swift; sourceTree = "<group>"; };
		DA9C966025FEBB1F00AE6CA4 /* RoundedCornerGradientButtonStyle.swift */ = {isa = PBXFileReference; lastKnownFileType = sourcecode.swift; path = RoundedCornerGradientButtonStyle.swift; sourceTree = "<group>"; };
		E235077624F7082700CC1899 /* SceneDelegate.swift */ = {isa = PBXFileReference; lastKnownFileType = sourcecode.swift; path = SceneDelegate.swift; sourceTree = "<group>"; };
		E29143FB24E74AD100EE97B2 /* LaunchUIView.swift */ = {isa = PBXFileReference; lastKnownFileType = sourcecode.swift; path = LaunchUIView.swift; sourceTree = "<group>"; };
		E2CB7FE424F730C80039C24A /* CKConfiguration-old.plist */ = {isa = PBXFileReference; fileEncoding = 4; lastKnownFileType = text.plist.xml; path = "CKConfiguration-old.plist"; sourceTree = "<group>"; };
		E2DF9F092500C9CE00A93B93 /* LoginViewController.swift */ = {isa = PBXFileReference; lastKnownFileType = sourcecode.swift; path = LoginViewController.swift; sourceTree = "<group>"; };
		E2F1FD7524D61EDA006C39DF /* CKPropertyReader.swift */ = {isa = PBXFileReference; lastKnownFileType = sourcecode.swift; path = CKPropertyReader.swift; sourceTree = "<group>"; };
		E2F1FD7724D62064006C39DF /* CKConfiguration.plist */ = {isa = PBXFileReference; lastKnownFileType = text.plist.xml; path = CKConfiguration.plist; sourceTree = "<group>"; };
		F30ABA7020E91EBA421A80F9 /* Pods-CardinalKit_Example.debug.xcconfig */ = {isa = PBXFileReference; includeInIndex = 1; lastKnownFileType = text.xcconfig; name = "Pods-CardinalKit_Example.debug.xcconfig"; path = "Target Support Files/Pods-CardinalKit_Example/Pods-CardinalKit_Example.debug.xcconfig"; sourceTree = "<group>"; };
/* End PBXFileReference section */

/* Begin PBXFrameworksBuildPhase section */
		607FACCD1AFB9204008FA782 /* Frameworks */ = {
			isa = PBXFrameworksBuildPhase;
			buildActionMask = 2147483647;
			files = (
				8E9CDE952591534B00C8A228 /* CareKit in Frameworks */,
				8E0A43CE244A60D800656518 /* Pods_CardinalKit_Example.framework in Frameworks */,
				8E9CDE972591534B00C8A228 /* CareKitUI in Frameworks */,
				8E0A43D5244A693D00656518 /* HealthKit.framework in Frameworks */,
				8E9CDE912591534B00C8A228 /* CareKitStore in Frameworks */,
				8E9CDE932591534B00C8A228 /* CareKitFHIR in Frameworks */,
			);
			runOnlyForDeploymentPostprocessing = 0;
		};
/* End PBXFrameworksBuildPhase section */

/* Begin PBXGroup section */
		2C45A885E8BD0CAC5349997A /* Frameworks */ = {
			isa = PBXGroup;
			children = (
				8E0A43D4244A693D00656518 /* HealthKit.framework */,
				1D31556B648F48DA664CEE80 /* Pods_CardinalKit_Example.framework */,
				CB97C14C759E56B88E4E3941 /* Pods_CardinalKit_Tests.framework */,
			);
			name = Frameworks;
			sourceTree = "<group>";
		};
		4453014025FD5CA500F7AB22 /* Progress */ = {
			isa = PBXGroup;
			children = (
				4453014125FD5EDD00F7AB22 /* ProgressUIView.swift */,
			);
			path = Progress;
			sourceTree = "<group>";
		};
		607FACC71AFB9204008FA782 = {
			isa = PBXGroup;
			children = (
				8E0A438B244A4A0400656518 /* CardinalKit-Example.entitlements */,
				607FACF51AFB993E008FA782 /* Podspec Metadata */,
				607FACD21AFB9204008FA782 /* CardinalKit-Example */,
				607FACD11AFB9204008FA782 /* Products */,
				A562A578C883F67F0DAE1385 /* Pods */,
				2C45A885E8BD0CAC5349997A /* Frameworks */,
			);
			sourceTree = "<group>";
		};
		607FACD11AFB9204008FA782 /* Products */ = {
			isa = PBXGroup;
			children = (
				607FACD01AFB9204008FA782 /* CardinalKit Example.app */,
			);
			name = Products;
			sourceTree = "<group>";
		};
		607FACD21AFB9204008FA782 /* CardinalKit-Example */ = {
			isa = PBXGroup;
			children = (
				8E0A4383244A4A0400656518 /* Supporting Files */,
				8E9CDEAA25916F2A00C8A228 /* Components */,
				8E0A43C5244A4A5700656518 /* Library */,
				8E0A4396244A4A0400656518 /* AppDelegate.swift */,
				8EBE6F9B24B3C0E60093D07C /* AppDelegate+CardinalKit.swift */,
				E235077624F7082700CC1899 /* SceneDelegate.swift */,
				2F94C5F12536543600DF8866 /* SceneDelegate+CardinalKit.swift */,
			);
			name = "CardinalKit-Example";
			path = CardinalKit;
			sourceTree = "<group>";
		};
		607FACF51AFB993E008FA782 /* Podspec Metadata */ = {
			isa = PBXGroup;
			children = (
				62AA5CD1C2188D392530510F /* CardinalKit.podspec */,
				41DC264876E45FE5A3FD8701 /* README.md */,
				07D78DA16FC9C3C7709EA243 /* LICENSE */,
			);
			name = "Podspec Metadata";
			sourceTree = "<group>";
		};
		8E0A4379244A4A0400656518 /* Profile */ = {
			isa = PBXGroup;
			children = (
				8E6E1E3025353AA70024B8DF /* Views */,
				8E6E1E3125353ABE0024B8DF /* ProfileUIView.swift */,
				8E6E1E1125351F830024B8DF /* DocumentPreviewViewController.swift */,
				8E6E1E15253524500024B8DF /* WithdrawalViewController.swift */,
			);
			path = Profile;
			sourceTree = "<group>";
		};
		8E0A4380244A4A0400656518 /* Auth */ = {
			isa = PBXGroup;
			children = (
				8E0A4382244A4A0400656518 /* CKStudyUser.swift */,
			);
			path = Auth;
			sourceTree = "<group>";
		};
		8E0A4383244A4A0400656518 /* Supporting Files */ = {
			isa = PBXGroup;
			children = (
				8E0A4388244A4A0400656518 /* Assets.xcassets */,
				8E0A4389244A4A0400656518 /* LaunchScreen.storyboard */,
				8E0A4384244A4A0400656518 /* Constants.swift */,
				8E0A4378244A4A0300656518 /* CardinalKit_Example-Bridging-Header.h */,
				8E0A43C9244A4C6500656518 /* Info.plist */,
				E2F1FD7724D62064006C39DF /* CKConfiguration.plist */,
				DA9C965325FEAF4500AE6CA4 /* GoogleService-Info.plist */,
				E2CB7FE424F730C80039C24A /* CKConfiguration-old.plist */,
			);
			path = "Supporting Files";
			sourceTree = "<group>";
		};
		8E0A438D244A4A0400656518 /* Tasks */ = {
			isa = PBXGroup;
			children = (
				DA9C965525FEB73900AE6CA4 /* Data Gathering Tasks */,
				8E9CDF7F2591E62000C8A228 /* Model */,
				8E6E1E2F25353A550024B8DF /* Views */,
				8E6E1E25253537E40024B8DF /* TasksUIView.swift */,
			);
			path = Tasks;
			sourceTree = "<group>";
		};
		8E0A4399244A4A0400656518 /* Onboarding */ = {
			isa = PBXGroup;
			children = (
				8E0A439C244A4A0400656518 /* Steps */,
				8E6E1E2125352C780024B8DF /* OnboardingUIView.swift */,
				44CD173C25F85D7600054F0E /* LoginExistingUserViewController.swift */,
				8E6E1E082534F4100024B8DF /* OnboardingViewController.swift */,
				8E6E1E0A2534FF640024B8DF /* OnboardingViewController+Coordinator.swift */,
				8E6E1E0C25351D8F0024B8DF /* PageViewController.swift */,
				8E6E1E13253520440024B8DF /* PasscodeViewController.swift */,
			);
			path = Onboarding;
			sourceTree = "<group>";
		};
		8E0A439C244A4A0400656518 /* Steps */ = {
			isa = PBXGroup;
			children = (
				8E0A43A0244A4A0400656518 /* Views */,
				D253D131250D1BDB00A363E4 /* CKSignInWithAppleStep.swift */,
				8E0A439D244A4A0400656518 /* CKHealthDataStepViewController.swift */,
				8EA6648625930B6B00B6A45A /* CKHealthRecordsStepViewController.swift */,
				8E0A439F244A4A0400656518 /* PasswordlessLoginStep.swift */,
				8E0A43A3244A4A0400656518 /* LoginCustomWaitStepViewController.swift */,
				E2DF9F092500C9CE00A93B93 /* LoginViewController.swift */,
				4453014525FD7B7E00F7AB22 /* NotificationStepViewController.swift */,
			);
			path = Steps;
			sourceTree = "<group>";
		};
		8E0A43A0244A4A0400656518 /* Views */ = {
			isa = PBXGroup;
			children = (
				8E0A43A1244A4A0400656518 /* LoginCustomWaitStepView.xib */,
			);
			path = Views;
			sourceTree = "<group>";
		};
		8E0A43C5244A4A5700656518 /* Library */ = {
			isa = PBXGroup;
			children = (
				8E9CDF802591E6B800C8A228 /* Configuration */,
				8E9CDECE2591ABDF00C8A228 /* HealthKit */,
				8E40DC022471E5590027536B /* Networking */,
				8E0A4380244A4A0400656518 /* Auth */,
				8E9CDF812591E6D000C8A228 /* ResearchKit */,
				8E9CDEAB25916F6E00C8A228 /* CareKit */,
				8E6E1E0F25351E890024B8DF /* Extensions+UIColor.swift */,
				8E6E1E3325353AFE0024B8DF /* EmailHelper.swift */,
				8E9CDFAD2592B79900C8A228 /* Metrics.swift */,
				8EA664B32594387900B6A45A /* Errors.swift */,
			);
			path = Library;
			sourceTree = "<group>";
		};
		8E40DC022471E5590027536B /* Networking */ = {
			isa = PBXGroup;
			children = (
				8E40DC032471E5940027536B /* CKNetworkManager.swift */,
				8EA664882593213000B6A45A /* CKSendHelper.swift */,
			);
			path = Networking;
			sourceTree = "<group>";
		};
		8E6E1E2F25353A550024B8DF /* Views */ = {
			isa = PBXGroup;
			children = (
				DA9C965825FEB7A900AE6CA4 /* ReadBloodPressureView.swift */,
				8E6E1E27253538CC0024B8DF /* TaskListItemView.swift */,
				8E9CDF822592844A00C8A228 /* LearnUIView.swift */,
				8EA664222592E57200B6A45A /* SensorsDemoUIView.swift */,
				8E7FFFB725DE350A002982B4 /* CoffeeUIView.swift */,
				8E7FFFBA25DE37FF002982B4 /* CoffeePieChartView.swift */,
			);
			path = Views;
			sourceTree = "<group>";
		};
		8E6E1E3025353AA70024B8DF /* Views */ = {
			isa = PBXGroup;
			children = (
				8E6E1E1F253529760024B8DF /* DocumentView.swift */,
				8E6E1E19253528450024B8DF /* WithdrawView.swift */,
				8E6E1E1B253528D70024B8DF /* ReportView.swift */,
				8E6E1E1D253528F50024B8DF /* SupportView.swift */,
				8E6E1E292535398D0024B8DF /* HelpView.swift */,
				8E6E1E2B253539AE0024B8DF /* ChangePasscodeView.swift */,
				8E6E1E2D25353A1E0024B8DF /* PatientIDView.swift */,
				8EA664AC2593380D00B6A45A /* SendRecordsView.swift */,
				DA52064B25F45DAE00D7D0A7 /* DaysSinceSurgeryView.swift */,
			);
			path = Views;
			sourceTree = "<group>";
		};
		8E9CDEA525915F6600C8A228 /* Schedule */ = {
			isa = PBXGroup;
			children = (
				8E9CDEB02591737A00C8A228 /* Views */,
				8E9CDEA625916B2800C8A228 /* ScheduleViewControllerRepresentable.swift */,
				4469456A25FF28D000891851 /* NotificationData.json */,
				4469456C25FF2AD000891851 /* Notification.swift */,
				8E9CDEA825916E6600C8A228 /* ScheduleViewController.swift */,
			);
			path = Schedule;
			sourceTree = "<group>";
		};
		8E9CDEAA25916F2A00C8A228 /* Components */ = {
			isa = PBXGroup;
			children = (
				DA9C965F25FEBAD900AE6CA4 /* Component Styles */,
				DA9C965A25FEB80900AE6CA4 /* My Devices */,
				8E6E1E23253537580024B8DF /* MainUIView.swift */,
				E29143FB24E74AD100EE97B2 /* LaunchUIView.swift */,
				8E0A4399244A4A0400656518 /* Onboarding */,
				8E9CDEA525915F6600C8A228 /* Schedule */,
				4453014025FD5CA500F7AB22 /* Progress */,
				8E9CDEB42591818200C8A228 /* Care Team */,
				8E0A438D244A4A0400656518 /* Tasks */,
				8E0A4379244A4A0400656518 /* Profile */,
			);
			path = Components;
			sourceTree = "<group>";
		};
		8E9CDEAB25916F6E00C8A228 /* CareKit */ = {
			isa = PBXGroup;
			children = (
				8E9CDEAC259170AD00C8A228 /* CKCareKitManager.swift */,
				8E9CDEAE259172C200C8A228 /* CKCareKitManager+Sample.swift */,
				8EA664B1259422E400B6A45A /* CKCareKitRemoteSyncWithFirestore.swift */,
			);
			path = CareKit;
			sourceTree = "<group>";
		};
		8E9CDEB02591737A00C8A228 /* Views */ = {
			isa = PBXGroup;
			children = (
				8E9CDEB12591739A00C8A228 /* TipView.swift */,
				8EA664AF25941A4D00B6A45A /* SurveyItemViewController.swift */,
				DA52062525F1FDBB00D7D0A7 /* TremorTaskViewController.swift */,
				DA52062725F3242400D7D0A7 /* CheckInViewController.swift */,
				DA52062925F32D1900D7D0A7 /* SF12ViewController.swift */,
			);
			path = Views;
			sourceTree = "<group>";
		};
		8E9CDEB42591818200C8A228 /* Care Team */ = {
			isa = PBXGroup;
			children = (
				8E9CDEB5259181B400C8A228 /* CareTeamViewControllerRepresentable.swift */,
				44F5403225D3BD1F00B15111 /* TeamUIView.swift */,
				44F5403F25D468B400B15111 /* ProfileRow.swift */,
				44F5403725D464F100B15111 /* ProfileData.json */,
				44F5403425D45AEB00B15111 /* ProfileDetail.swift */,
				44F5403B25D4663E00B15111 /* Profile.swift */,
				44F5403D25D4669700B15111 /* ModelData.swift */,
			);
			path = "Care Team";
			sourceTree = "<group>";
		};
		8E9CDECE2591ABDF00C8A228 /* HealthKit */ = {
			isa = PBXGroup;
			children = (
				8E9CDECF2591AC4A00C8A228 /* CKHealthKitManager.swift */,
				8E9CDF132591B73900C8A228 /* CKHealthRecordsManager.swift */,
			);
			path = HealthKit;
			sourceTree = "<group>";
		};
		8E9CDF7F2591E62000C8A228 /* Model */ = {
			isa = PBXGroup;
			children = (
				8E0A438F244A4A0400656518 /* TaskSamples.swift */,
				8E0A4391244A4A0400656518 /* TaskItem.swift */,
				8E7FFFBC25DE38E4002982B4 /* CoffeeChartDataSource.swift */,
			);
			path = Model;
			sourceTree = "<group>";
		};
		8E9CDF802591E6B800C8A228 /* Configuration */ = {
			isa = PBXGroup;
			children = (
				8E9CDEB92591843200C8A228 /* CKConfig.swift */,
				E2F1FD7524D61EDA006C39DF /* CKPropertyReader.swift */,
			);
			path = Configuration;
			sourceTree = "<group>";
		};
		8E9CDF812591E6D000C8A228 /* ResearchKit */ = {
			isa = PBXGroup;
			children = (
				8E0A4386244A4A0400656518 /* ORKESerialization.m */,
				8E0A4387244A4A0400656518 /* ORKESerialization.h */,
				8E0A43A2244A4A0400656518 /* ConsentDocument.swift */,
				8E6E1E172535263F0024B8DF /* CKTaskViewController.swift */,
				8E7FFFB325DCE9B7002982B4 /* CKUploadToGCPTaskViewControllerDelegate.swift */,
			);
			path = ResearchKit;
			sourceTree = "<group>";
		};
		A562A578C883F67F0DAE1385 /* Pods */ = {
			isa = PBXGroup;
			children = (
				F30ABA7020E91EBA421A80F9 /* Pods-CardinalKit_Example.debug.xcconfig */,
				630884219A5CB1E45383122C /* Pods-CardinalKit_Example.release.xcconfig */,
				58275A0CAB0C7223B21F375D /* Pods-CardinalKit_Tests.debug.xcconfig */,
				00480E2D79186BE9405F0F72 /* Pods-CardinalKit_Tests.release.xcconfig */,
			);
			path = Pods;
			sourceTree = "<group>";
		};
		DA9C965525FEB73900AE6CA4 /* Data Gathering Tasks */ = {
			isa = PBXGroup;
			children = (
				DA9C965625FEB76200AE6CA4 /* BloodPressureSurveyViewController.swift */,
			);
			path = "Data Gathering Tasks";
			sourceTree = "<group>";
		};
		DA9C965A25FEB80900AE6CA4 /* My Devices */ = {
			isa = PBXGroup;
			children = (
				DA9C965B25FEB82000AE6CA4 /* DevicesView.swift */,
				DA9C965D25FEB84B00AE6CA4 /* BLEManager.swift */,
			);
			path = "My Devices";
			sourceTree = "<group>";
		};
		DA9C965F25FEBAD900AE6CA4 /* Component Styles */ = {
			isa = PBXGroup;
			children = (
				DA9C966025FEBB1F00AE6CA4 /* RoundedCornerGradientButtonStyle.swift */,
			);
			path = "Component Styles";
			sourceTree = "<group>";
		};
/* End PBXGroup section */

/* Begin PBXNativeTarget section */
		607FACCF1AFB9204008FA782 /* CardinalKit_Example */ = {
			isa = PBXNativeTarget;
			buildConfigurationList = 607FACEF1AFB9204008FA782 /* Build configuration list for PBXNativeTarget "CardinalKit_Example" */;
			buildPhases = (
				8A9C87B89C8DE46EAC03121F /* [CP] Check Pods Manifest.lock */,
				607FACCC1AFB9204008FA782 /* Sources */,
				607FACCD1AFB9204008FA782 /* Frameworks */,
				607FACCE1AFB9204008FA782 /* Resources */,
				8E740AF552D1351413D250C9 /* [CP] Embed Pods Frameworks */,
				8E0A43D0244A60D800656518 /* Embed Frameworks */,
			);
			buildRules = (
			);
			dependencies = (
			);
			name = CardinalKit_Example;
			packageProductDependencies = (
				8E9CDE902591534B00C8A228 /* CareKitStore */,
				8E9CDE922591534B00C8A228 /* CareKitFHIR */,
				8E9CDE942591534B00C8A228 /* CareKit */,
				8E9CDE962591534B00C8A228 /* CareKitUI */,
			);
			productName = CardinalKit;
			productReference = 607FACD01AFB9204008FA782 /* CardinalKit Example.app */;
			productType = "com.apple.product-type.application";
		};
/* End PBXNativeTarget section */

/* Begin PBXProject section */
		607FACC81AFB9204008FA782 /* Project object */ = {
			isa = PBXProject;
			attributes = {
				LastSwiftUpdateCheck = 0830;
				LastUpgradeCheck = 0830;
				ORGANIZATIONNAME = CocoaPods;
				TargetAttributes = {
					607FACCF1AFB9204008FA782 = {
						CreatedOnToolsVersion = 6.3.1;
						LastSwiftMigration = 1120;
					};
				};
			};
			buildConfigurationList = 607FACCB1AFB9204008FA782 /* Build configuration list for PBXProject "CardinalKit" */;
			compatibilityVersion = "Xcode 3.2";
			developmentRegion = English;
			hasScannedForEncodings = 0;
			knownRegions = (
				English,
				en,
				Base,
			);
			mainGroup = 607FACC71AFB9204008FA782;
			packageReferences = (
				8E9CDE8F2591534B00C8A228 /* XCRemoteSwiftPackageReference "CareKit" */,
			);
			productRefGroup = 607FACD11AFB9204008FA782 /* Products */;
			projectDirPath = "";
			projectRoot = "";
			targets = (
				607FACCF1AFB9204008FA782 /* CardinalKit_Example */,
			);
		};
/* End PBXProject section */

/* Begin PBXResourcesBuildPhase section */
		607FACCE1AFB9204008FA782 /* Resources */ = {
			isa = PBXResourcesBuildPhase;
			buildActionMask = 2147483647;
			files = (
				8E0A43AF244A4A0400656518 /* Assets.xcassets in Resources */,
				8E0A43B0244A4A0400656518 /* LaunchScreen.storyboard in Resources */,
				E2F1FD7824D62064006C39DF /* CKConfiguration.plist in Resources */,
				8E0A43C1244A4A0400656518 /* LoginCustomWaitStepView.xib in Resources */,
				DA9C965425FEAF4500AE6CA4 /* GoogleService-Info.plist in Resources */,
				E2CB7FE524F730C80039C24A /* CKConfiguration-old.plist in Resources */,
				44F5403825D464F100B15111 /* ProfileData.json in Resources */,
				4469456B25FF28D000891851 /* NotificationData.json in Resources */,
			);
			runOnlyForDeploymentPostprocessing = 0;
		};
/* End PBXResourcesBuildPhase section */

/* Begin PBXShellScriptBuildPhase section */
		8A9C87B89C8DE46EAC03121F /* [CP] Check Pods Manifest.lock */ = {
			isa = PBXShellScriptBuildPhase;
			buildActionMask = 2147483647;
			files = (
			);
			inputFileListPaths = (
			);
			inputPaths = (
				"${PODS_PODFILE_DIR_PATH}/Podfile.lock",
				"${PODS_ROOT}/Manifest.lock",
			);
			name = "[CP] Check Pods Manifest.lock";
			outputFileListPaths = (
			);
			outputPaths = (
				"$(DERIVED_FILE_DIR)/Pods-CardinalKit_Example-checkManifestLockResult.txt",
			);
			runOnlyForDeploymentPostprocessing = 0;
			shellPath = /bin/sh;
			shellScript = "diff \"${PODS_PODFILE_DIR_PATH}/Podfile.lock\" \"${PODS_ROOT}/Manifest.lock\" > /dev/null\nif [ $? != 0 ] ; then\n    # print error to STDERR\n    echo \"error: The sandbox is not in sync with the Podfile.lock. Run 'pod install' or update your CocoaPods installation.\" >&2\n    exit 1\nfi\n# This output is used by Xcode 'outputs' to avoid re-running this script phase.\necho \"SUCCESS\" > \"${SCRIPT_OUTPUT_FILE_0}\"\n";
			showEnvVarsInLog = 0;
		};
		8E740AF552D1351413D250C9 /* [CP] Embed Pods Frameworks */ = {
			isa = PBXShellScriptBuildPhase;
			buildActionMask = 2147483647;
			files = (
			);
			inputPaths = (
				"${PODS_ROOT}/Target Support Files/Pods-CardinalKit_Example/Pods-CardinalKit_Example-frameworks.sh",
				"${BUILT_PRODUCTS_DIR}/BoringSSL-GRPC/openssl_grpc.framework",
				"${BUILT_PRODUCTS_DIR}/CardinalKit/CardinalKit.framework",
				"${BUILT_PRODUCTS_DIR}/FirebaseAuth/FirebaseAuth.framework",
				"${BUILT_PRODUCTS_DIR}/FirebaseCore/FirebaseCore.framework",
				"${BUILT_PRODUCTS_DIR}/FirebaseCoreDiagnostics/FirebaseCoreDiagnostics.framework",
				"${BUILT_PRODUCTS_DIR}/FirebaseDynamicLinks/FirebaseDynamicLinks.framework",
				"${BUILT_PRODUCTS_DIR}/FirebaseFirestore/FirebaseFirestore.framework",
				"${BUILT_PRODUCTS_DIR}/FirebaseInstallations/FirebaseInstallations.framework",
				"${BUILT_PRODUCTS_DIR}/FirebaseStorage/FirebaseStorage.framework",
				"${BUILT_PRODUCTS_DIR}/GTMSessionFetcher/GTMSessionFetcher.framework",
				"${BUILT_PRODUCTS_DIR}/GoogleDataTransport/GoogleDataTransport.framework",
				"${BUILT_PRODUCTS_DIR}/GoogleUtilities/GoogleUtilities.framework",
				"${BUILT_PRODUCTS_DIR}/ObjectMapper/ObjectMapper.framework",
				"${BUILT_PRODUCTS_DIR}/PromisesObjC/FBLPromises.framework",
				"${BUILT_PRODUCTS_DIR}/ReachabilitySwift/ReachabilitySwift.framework",
				"${BUILT_PRODUCTS_DIR}/Realm/Realm.framework",
				"${BUILT_PRODUCTS_DIR}/RealmSwift/RealmSwift.framework",
				"${BUILT_PRODUCTS_DIR}/ResearchKit/ResearchKit.framework",
				"${BUILT_PRODUCTS_DIR}/SAMKeychain/SAMKeychain.framework",
				"${BUILT_PRODUCTS_DIR}/SwiftyJSON/SwiftyJSON.framework",
				"${BUILT_PRODUCTS_DIR}/Zip/Zip.framework",
				"${BUILT_PRODUCTS_DIR}/abseil/absl.framework",
				"${BUILT_PRODUCTS_DIR}/gRPC-C++/grpcpp.framework",
				"${BUILT_PRODUCTS_DIR}/gRPC-Core/grpc.framework",
				"${BUILT_PRODUCTS_DIR}/leveldb-library/leveldb.framework",
				"${BUILT_PRODUCTS_DIR}/nanopb/nanopb.framework",
			);
			name = "[CP] Embed Pods Frameworks";
			outputPaths = (
				"${TARGET_BUILD_DIR}/${FRAMEWORKS_FOLDER_PATH}/openssl_grpc.framework",
				"${TARGET_BUILD_DIR}/${FRAMEWORKS_FOLDER_PATH}/CardinalKit.framework",
				"${TARGET_BUILD_DIR}/${FRAMEWORKS_FOLDER_PATH}/FirebaseAuth.framework",
				"${TARGET_BUILD_DIR}/${FRAMEWORKS_FOLDER_PATH}/FirebaseCore.framework",
				"${TARGET_BUILD_DIR}/${FRAMEWORKS_FOLDER_PATH}/FirebaseCoreDiagnostics.framework",
				"${TARGET_BUILD_DIR}/${FRAMEWORKS_FOLDER_PATH}/FirebaseDynamicLinks.framework",
				"${TARGET_BUILD_DIR}/${FRAMEWORKS_FOLDER_PATH}/FirebaseFirestore.framework",
				"${TARGET_BUILD_DIR}/${FRAMEWORKS_FOLDER_PATH}/FirebaseInstallations.framework",
				"${TARGET_BUILD_DIR}/${FRAMEWORKS_FOLDER_PATH}/FirebaseStorage.framework",
				"${TARGET_BUILD_DIR}/${FRAMEWORKS_FOLDER_PATH}/GTMSessionFetcher.framework",
				"${TARGET_BUILD_DIR}/${FRAMEWORKS_FOLDER_PATH}/GoogleDataTransport.framework",
				"${TARGET_BUILD_DIR}/${FRAMEWORKS_FOLDER_PATH}/GoogleUtilities.framework",
				"${TARGET_BUILD_DIR}/${FRAMEWORKS_FOLDER_PATH}/ObjectMapper.framework",
				"${TARGET_BUILD_DIR}/${FRAMEWORKS_FOLDER_PATH}/FBLPromises.framework",
				"${TARGET_BUILD_DIR}/${FRAMEWORKS_FOLDER_PATH}/ReachabilitySwift.framework",
				"${TARGET_BUILD_DIR}/${FRAMEWORKS_FOLDER_PATH}/Realm.framework",
				"${TARGET_BUILD_DIR}/${FRAMEWORKS_FOLDER_PATH}/RealmSwift.framework",
				"${TARGET_BUILD_DIR}/${FRAMEWORKS_FOLDER_PATH}/ResearchKit.framework",
				"${TARGET_BUILD_DIR}/${FRAMEWORKS_FOLDER_PATH}/SAMKeychain.framework",
				"${TARGET_BUILD_DIR}/${FRAMEWORKS_FOLDER_PATH}/SwiftyJSON.framework",
				"${TARGET_BUILD_DIR}/${FRAMEWORKS_FOLDER_PATH}/Zip.framework",
				"${TARGET_BUILD_DIR}/${FRAMEWORKS_FOLDER_PATH}/absl.framework",
				"${TARGET_BUILD_DIR}/${FRAMEWORKS_FOLDER_PATH}/grpcpp.framework",
				"${TARGET_BUILD_DIR}/${FRAMEWORKS_FOLDER_PATH}/grpc.framework",
				"${TARGET_BUILD_DIR}/${FRAMEWORKS_FOLDER_PATH}/leveldb.framework",
				"${TARGET_BUILD_DIR}/${FRAMEWORKS_FOLDER_PATH}/nanopb.framework",
			);
			runOnlyForDeploymentPostprocessing = 0;
			shellPath = /bin/sh;
			shellScript = "\"${PODS_ROOT}/Target Support Files/Pods-CardinalKit_Example/Pods-CardinalKit_Example-frameworks.sh\"\n";
			showEnvVarsInLog = 0;
		};
/* End PBXShellScriptBuildPhase section */

/* Begin PBXSourcesBuildPhase section */
		607FACCC1AFB9204008FA782 /* Sources */ = {
			isa = PBXSourcesBuildPhase;
			buildActionMask = 2147483647;
			files = (
				E2DF9F0A2500C9CE00A93B93 /* LoginViewController.swift in Sources */,
				44F5403C25D4663E00B15111 /* Profile.swift in Sources */,
				8E6E1E14253520440024B8DF /* PasscodeViewController.swift in Sources */,
				E29143FC24E74AD100EE97B2 /* LaunchUIView.swift in Sources */,
				8EA6648725930B6B00B6A45A /* CKHealthRecordsStepViewController.swift in Sources */,
				8E0A43C0244A4A0400656518 /* PasswordlessLoginStep.swift in Sources */,
				8EA664B2259422E400B6A45A /* CKCareKitRemoteSyncWithFirestore.swift in Sources */,
				8EA664AD2593380D00B6A45A /* SendRecordsView.swift in Sources */,
				8E6E1E28253538CC0024B8DF /* TaskListItemView.swift in Sources */,
				44F5403E25D4669700B15111 /* ModelData.swift in Sources */,
				DA52062825F3242400D7D0A7 /* CheckInViewController.swift in Sources */,
				44F5404025D468B400B15111 /* ProfileRow.swift in Sources */,
				8E0A43B3244A4A0400656518 /* TaskSamples.swift in Sources */,
				8E6E1E2225352C780024B8DF /* OnboardingUIView.swift in Sources */,
				DA9C965C25FEB82000AE6CA4 /* DevicesView.swift in Sources */,
				8E6E1E1A253528450024B8DF /* WithdrawView.swift in Sources */,
				44CD173D25F85D7600054F0E /* LoginExistingUserViewController.swift in Sources */,
				8E6E1E2E25353A1E0024B8DF /* PatientIDView.swift in Sources */,
				8E6E1E0B2534FF640024B8DF /* OnboardingViewController+Coordinator.swift in Sources */,
				8E40DC042471E5940027536B /* CKNetworkManager.swift in Sources */,
				DA52062625F1FDBB00D7D0A7 /* TremorTaskViewController.swift in Sources */,
				8EA664B025941A4D00B6A45A /* SurveyItemViewController.swift in Sources */,
				DA52064C25F45DAE00D7D0A7 /* DaysSinceSurgeryView.swift in Sources */,
				8E9CDEBA2591843200C8A228 /* CKConfig.swift in Sources */,
				2F94C5F22536543600DF8866 /* SceneDelegate+CardinalKit.swift in Sources */,
				8E9CDFAE2592B79900C8A228 /* Metrics.swift in Sources */,
				8E6E1E092534F4100024B8DF /* OnboardingViewController.swift in Sources */,
				8E7FFFB425DCE9B7002982B4 /* CKUploadToGCPTaskViewControllerDelegate.swift in Sources */,
				8EBE6F9C24B3C0E60093D07C /* AppDelegate+CardinalKit.swift in Sources */,
				8E0A43B9244A4A0400656518 /* AppDelegate.swift in Sources */,
				DA9C966125FEBB1F00AE6CA4 /* RoundedCornerGradientButtonStyle.swift in Sources */,
				8EA664232592E57200B6A45A /* SensorsDemoUIView.swift in Sources */,
				8E6E1E3225353ABE0024B8DF /* ProfileUIView.swift in Sources */,
				8E6E1E1E253528F50024B8DF /* SupportView.swift in Sources */,
				8E6E1E1C253528D70024B8DF /* ReportView.swift in Sources */,
				8E6E1E26253537E40024B8DF /* TasksUIView.swift in Sources */,
				44F5403525D45AEB00B15111 /* ProfileDetail.swift in Sources */,
				8E9CDEAD259170AD00C8A228 /* CKCareKitManager.swift in Sources */,
				DA9C965E25FEB84B00AE6CA4 /* BLEManager.swift in Sources */,
				8EA664892593213000B6A45A /* CKSendHelper.swift in Sources */,
				8E6E1E3425353AFE0024B8DF /* EmailHelper.swift in Sources */,
				8E6E1E24253537580024B8DF /* MainUIView.swift in Sources */,
				8E6E1E182535263F0024B8DF /* CKTaskViewController.swift in Sources */,
				8E9CDF142591B73900C8A228 /* CKHealthRecordsManager.swift in Sources */,
				DA9C965925FEB7A900AE6CA4 /* ReadBloodPressureView.swift in Sources */,
				8EA664B42594387900B6A45A /* Errors.swift in Sources */,
				4453014625FD7B7F00F7AB22 /* NotificationStepViewController.swift in Sources */,
				8E6E1E1225351F830024B8DF /* DocumentPreviewViewController.swift in Sources */,
				8E6E1E20253529760024B8DF /* DocumentView.swift in Sources */,
				8E7FFFBB25DE37FF002982B4 /* CoffeePieChartView.swift in Sources */,
				4453014225FD5EDD00F7AB22 /* ProgressUIView.swift in Sources */,
				8E7FFFB825DE350A002982B4 /* CoffeeUIView.swift in Sources */,
				8E0A43B5244A4A0400656518 /* TaskItem.swift in Sources */,
				8E6E1E2C253539AE0024B8DF /* ChangePasscodeView.swift in Sources */,
				8E0A43AD244A4A0400656518 /* Constants.swift in Sources */,
				8E0A43BE244A4A0400656518 /* CKHealthDataStepViewController.swift in Sources */,
				8E0A43AE244A4A0400656518 /* ORKESerialization.m in Sources */,
				8E9CDEB6259181B400C8A228 /* CareTeamViewControllerRepresentable.swift in Sources */,
				4469456D25FF2AD000891851 /* Notification.swift in Sources */,
				8E9CDEAF259172C200C8A228 /* CKCareKitManager+Sample.swift in Sources */,
				8E9CDEA925916E6600C8A228 /* ScheduleViewController.swift in Sources */,
				D253D132250D1BDB00A363E4 /* CKSignInWithAppleStep.swift in Sources */,
				8E6E1E0D25351D8F0024B8DF /* PageViewController.swift in Sources */,
				8E0A43AC244A4A0400656518 /* CKStudyUser.swift in Sources */,
				8E0A43C3244A4A0400656518 /* LoginCustomWaitStepViewController.swift in Sources */,
				8E9CDEB22591739A00C8A228 /* TipView.swift in Sources */,
				8E7FFFBD25DE38E4002982B4 /* CoffeeChartDataSource.swift in Sources */,
				DA9C965725FEB76200AE6CA4 /* BloodPressureSurveyViewController.swift in Sources */,
				E2F1FD7624D61EDA006C39DF /* CKPropertyReader.swift in Sources */,
				8E6E1E1025351E890024B8DF /* Extensions+UIColor.swift in Sources */,
				8E9CDF832592844A00C8A228 /* LearnUIView.swift in Sources */,
				8E9CDEA725916B2800C8A228 /* ScheduleViewControllerRepresentable.swift in Sources */,
				DA52062A25F32D1A00D7D0A7 /* SF12ViewController.swift in Sources */,
				E235077724F7082700CC1899 /* SceneDelegate.swift in Sources */,
				8E6E1E16253524500024B8DF /* WithdrawalViewController.swift in Sources */,
				8E6E1E2A2535398D0024B8DF /* HelpView.swift in Sources */,
				44F5403325D3BD1F00B15111 /* TeamUIView.swift in Sources */,
				8E9CDED02591AC4A00C8A228 /* CKHealthKitManager.swift in Sources */,
				8E0A43C2244A4A0400656518 /* ConsentDocument.swift in Sources */,
			);
			runOnlyForDeploymentPostprocessing = 0;
		};
/* End PBXSourcesBuildPhase section */

/* Begin PBXVariantGroup section */
		8E0A4389244A4A0400656518 /* LaunchScreen.storyboard */ = {
			isa = PBXVariantGroup;
			children = (
				8E0A438A244A4A0400656518 /* Base */,
			);
			name = LaunchScreen.storyboard;
			sourceTree = "<group>";
		};
/* End PBXVariantGroup section */

/* Begin XCBuildConfiguration section */
		607FACED1AFB9204008FA782 /* Debug */ = {
			isa = XCBuildConfiguration;
			buildSettings = {
				ALWAYS_SEARCH_USER_PATHS = NO;
				CLANG_CXX_LANGUAGE_STANDARD = "gnu++0x";
				CLANG_CXX_LIBRARY = "libc++";
				CLANG_ENABLE_MODULES = YES;
				CLANG_ENABLE_OBJC_ARC = YES;
				CLANG_WARN_BLOCK_CAPTURE_AUTORELEASING = YES;
				CLANG_WARN_BOOL_CONVERSION = YES;
				CLANG_WARN_COMMA = YES;
				CLANG_WARN_CONSTANT_CONVERSION = YES;
				CLANG_WARN_DIRECT_OBJC_ISA_USAGE = YES_ERROR;
				CLANG_WARN_EMPTY_BODY = YES;
				CLANG_WARN_ENUM_CONVERSION = YES;
				CLANG_WARN_INFINITE_RECURSION = YES;
				CLANG_WARN_INT_CONVERSION = YES;
				CLANG_WARN_NON_LITERAL_NULL_CONVERSION = YES;
				CLANG_WARN_OBJC_LITERAL_CONVERSION = YES;
				CLANG_WARN_OBJC_ROOT_CLASS = YES_ERROR;
				CLANG_WARN_RANGE_LOOP_ANALYSIS = YES;
				CLANG_WARN_STRICT_PROTOTYPES = YES;
				CLANG_WARN_SUSPICIOUS_MOVE = YES;
				CLANG_WARN_UNREACHABLE_CODE = YES;
				CLANG_WARN__DUPLICATE_METHOD_MATCH = YES;
				"CODE_SIGN_IDENTITY[sdk=iphoneos*]" = "iPhone Developer";
				COPY_PHASE_STRIP = NO;
				DEBUG_INFORMATION_FORMAT = "dwarf-with-dsym";
				ENABLE_STRICT_OBJC_MSGSEND = YES;
				ENABLE_TESTABILITY = YES;
				GCC_C_LANGUAGE_STANDARD = gnu99;
				GCC_DYNAMIC_NO_PIC = NO;
				GCC_NO_COMMON_BLOCKS = YES;
				GCC_OPTIMIZATION_LEVEL = 0;
				GCC_PREPROCESSOR_DEFINITIONS = (
					"DEBUG=1",
					"$(inherited)",
				);
				GCC_SYMBOLS_PRIVATE_EXTERN = NO;
				GCC_WARN_64_TO_32_BIT_CONVERSION = YES;
				GCC_WARN_ABOUT_RETURN_TYPE = YES_ERROR;
				GCC_WARN_UNDECLARED_SELECTOR = YES;
				GCC_WARN_UNINITIALIZED_AUTOS = YES_AGGRESSIVE;
				GCC_WARN_UNUSED_FUNCTION = YES;
				GCC_WARN_UNUSED_VARIABLE = YES;
				IPHONEOS_DEPLOYMENT_TARGET = 13.0;
				MTL_ENABLE_DEBUG_INFO = YES;
				ONLY_ACTIVE_ARCH = YES;
				SDKROOT = iphoneos;
				SWIFT_OPTIMIZATION_LEVEL = "-Onone";
			};
			name = Debug;
		};
		607FACEE1AFB9204008FA782 /* Release */ = {
			isa = XCBuildConfiguration;
			buildSettings = {
				ALWAYS_SEARCH_USER_PATHS = NO;
				CLANG_CXX_LANGUAGE_STANDARD = "gnu++0x";
				CLANG_CXX_LIBRARY = "libc++";
				CLANG_ENABLE_MODULES = YES;
				CLANG_ENABLE_OBJC_ARC = YES;
				CLANG_WARN_BLOCK_CAPTURE_AUTORELEASING = YES;
				CLANG_WARN_BOOL_CONVERSION = YES;
				CLANG_WARN_COMMA = YES;
				CLANG_WARN_CONSTANT_CONVERSION = YES;
				CLANG_WARN_DIRECT_OBJC_ISA_USAGE = YES_ERROR;
				CLANG_WARN_EMPTY_BODY = YES;
				CLANG_WARN_ENUM_CONVERSION = YES;
				CLANG_WARN_INFINITE_RECURSION = YES;
				CLANG_WARN_INT_CONVERSION = YES;
				CLANG_WARN_NON_LITERAL_NULL_CONVERSION = YES;
				CLANG_WARN_OBJC_LITERAL_CONVERSION = YES;
				CLANG_WARN_OBJC_ROOT_CLASS = YES_ERROR;
				CLANG_WARN_RANGE_LOOP_ANALYSIS = YES;
				CLANG_WARN_STRICT_PROTOTYPES = YES;
				CLANG_WARN_SUSPICIOUS_MOVE = YES;
				CLANG_WARN_UNREACHABLE_CODE = YES;
				CLANG_WARN__DUPLICATE_METHOD_MATCH = YES;
				"CODE_SIGN_IDENTITY[sdk=iphoneos*]" = "iPhone Developer";
				COPY_PHASE_STRIP = NO;
				DEBUG_INFORMATION_FORMAT = "dwarf-with-dsym";
				ENABLE_NS_ASSERTIONS = NO;
				ENABLE_STRICT_OBJC_MSGSEND = YES;
				GCC_C_LANGUAGE_STANDARD = gnu99;
				GCC_NO_COMMON_BLOCKS = YES;
				GCC_WARN_64_TO_32_BIT_CONVERSION = YES;
				GCC_WARN_ABOUT_RETURN_TYPE = YES_ERROR;
				GCC_WARN_UNDECLARED_SELECTOR = YES;
				GCC_WARN_UNINITIALIZED_AUTOS = YES_AGGRESSIVE;
				GCC_WARN_UNUSED_FUNCTION = YES;
				GCC_WARN_UNUSED_VARIABLE = YES;
				IPHONEOS_DEPLOYMENT_TARGET = 13.0;
				MTL_ENABLE_DEBUG_INFO = NO;
				SDKROOT = iphoneos;
				SWIFT_COMPILATION_MODE = wholemodule;
				SWIFT_OPTIMIZATION_LEVEL = "-O";
				VALIDATE_PRODUCT = YES;
			};
			name = Release;
		};
		607FACF01AFB9204008FA782 /* Debug */ = {
			isa = XCBuildConfiguration;
			baseConfigurationReference = F30ABA7020E91EBA421A80F9 /* Pods-CardinalKit_Example.debug.xcconfig */;
			buildSettings = {
				ASSETCATALOG_COMPILER_APPICON_NAME = AppIcon;
				CLANG_ENABLE_MODULES = YES;
				CODE_SIGN_ENTITLEMENTS = "CardinalKit-Example.entitlements";
				CURRENT_PROJECT_VERSION = 1;
				DEVELOPMENT_TEAM = P796GFB32K;
				INFOPLIST_FILE = "CardinalKit/Supporting Files/Info.plist";
				IPHONEOS_DEPLOYMENT_TARGET = 13.0;
				LD_RUNPATH_SEARCH_PATHS = (
					"$(inherited)",
					"@executable_path/Frameworks",
				);
				MARKETING_VERSION = 1.3.0;
				MODULE_NAME = ExampleApp;
				PRODUCT_BUNDLE_IDENTIFIER = com.kidney.care;
				PRODUCT_NAME = "CardinalKit Example";
				SWIFT_OBJC_BRIDGING_HEADER = "CardinalKit/Supporting Files/CardinalKit_Example-Bridging-Header.h";
				SWIFT_OPTIMIZATION_LEVEL = "-Onone";
				SWIFT_SWIFT3_OBJC_INFERENCE = Default;
				SWIFT_VERSION = 4.2;
			};
			name = Debug;
		};
		607FACF11AFB9204008FA782 /* Release */ = {
			isa = XCBuildConfiguration;
			baseConfigurationReference = 630884219A5CB1E45383122C /* Pods-CardinalKit_Example.release.xcconfig */;
			buildSettings = {
				ASSETCATALOG_COMPILER_APPICON_NAME = AppIcon;
				CLANG_ENABLE_MODULES = YES;
				CODE_SIGN_ENTITLEMENTS = "CardinalKit-Example.entitlements";
				CURRENT_PROJECT_VERSION = 1;
				DEVELOPMENT_TEAM = P796GFB32K;
				INFOPLIST_FILE = "CardinalKit/Supporting Files/Info.plist";
				IPHONEOS_DEPLOYMENT_TARGET = 13.0;
				LD_RUNPATH_SEARCH_PATHS = (
					"$(inherited)",
					"@executable_path/Frameworks",
				);
				MARKETING_VERSION = 1.3.0;
				MODULE_NAME = ExampleApp;
				PRODUCT_BUNDLE_IDENTIFIER = com.kidney.care;
				PRODUCT_NAME = "CardinalKit Example";
				SWIFT_OBJC_BRIDGING_HEADER = "CardinalKit/Supporting Files/CardinalKit_Example-Bridging-Header.h";
				SWIFT_SWIFT3_OBJC_INFERENCE = Default;
				SWIFT_VERSION = 4.2;
			};
			name = Release;
		};
/* End XCBuildConfiguration section */

/* Begin XCConfigurationList section */
		607FACCB1AFB9204008FA782 /* Build configuration list for PBXProject "CardinalKit" */ = {
			isa = XCConfigurationList;
			buildConfigurations = (
				607FACED1AFB9204008FA782 /* Debug */,
				607FACEE1AFB9204008FA782 /* Release */,
			);
			defaultConfigurationIsVisible = 0;
			defaultConfigurationName = Release;
		};
		607FACEF1AFB9204008FA782 /* Build configuration list for PBXNativeTarget "CardinalKit_Example" */ = {
			isa = XCConfigurationList;
			buildConfigurations = (
				607FACF01AFB9204008FA782 /* Debug */,
				607FACF11AFB9204008FA782 /* Release */,
			);
			defaultConfigurationIsVisible = 0;
			defaultConfigurationName = Release;
		};
/* End XCConfigurationList section */

/* Begin XCRemoteSwiftPackageReference section */
		8E9CDE8F2591534B00C8A228 /* XCRemoteSwiftPackageReference "CareKit" */ = {
			isa = XCRemoteSwiftPackageReference;
			repositoryURL = "https://github.com/carekit-apple/CareKit";
			requirement = {
				branch = main;
				kind = branch;
			};
		};
/* End XCRemoteSwiftPackageReference section */

/* Begin XCSwiftPackageProductDependency section */
		8E9CDE902591534B00C8A228 /* CareKitStore */ = {
			isa = XCSwiftPackageProductDependency;
			package = 8E9CDE8F2591534B00C8A228 /* XCRemoteSwiftPackageReference "CareKit" */;
			productName = CareKitStore;
		};
		8E9CDE922591534B00C8A228 /* CareKitFHIR */ = {
			isa = XCSwiftPackageProductDependency;
			package = 8E9CDE8F2591534B00C8A228 /* XCRemoteSwiftPackageReference "CareKit" */;
			productName = CareKitFHIR;
		};
		8E9CDE942591534B00C8A228 /* CareKit */ = {
			isa = XCSwiftPackageProductDependency;
			package = 8E9CDE8F2591534B00C8A228 /* XCRemoteSwiftPackageReference "CareKit" */;
			productName = CareKit;
		};
		8E9CDE962591534B00C8A228 /* CareKitUI */ = {
			isa = XCSwiftPackageProductDependency;
			package = 8E9CDE8F2591534B00C8A228 /* XCRemoteSwiftPackageReference "CareKit" */;
			productName = CareKitUI;
		};
/* End XCSwiftPackageProductDependency section */
	};
	rootObject = 607FACC81AFB9204008FA782 /* Project object */;
}
