// !$*UTF8*$!
{
	archiveVersion = 1;
	classes = {
	};
	objectVersion = 52;
	objects = {

/* Begin PBXBuildFile section */
		270CDC0A28A65A0100F2F053 /* CKFHIRTaskViewController.swift in Sources */ = {isa = PBXBuildFile; fileRef = 270CDC0928A65A0100F2F053 /* CKFHIRTaskViewController.swift */; };
		270CDC0C28A65AD300F2F053 /* CKUploadFHIRTaskViewControllerDelegate.swift in Sources */ = {isa = PBXBuildFile; fileRef = 270CDC0B28A65AD300F2F053 /* CKUploadFHIRTaskViewControllerDelegate.swift */; };
		276399A129021BB5004DE158 /* GoogleService-Info.plist in Resources */ = {isa = PBXBuildFile; fileRef = 276399A029021BB4004DE158 /* GoogleService-Info.plist */; };
		27653A13272A2E7700D74E83 /* LocalTaskListItemView.swift in Sources */ = {isa = PBXBuildFile; fileRef = 27653A12272A2E7700D74E83 /* LocalTaskListItemView.swift */; };
		2B19DD9226FE1BEB00649CE1 /* JsonToSurvey.swift in Sources */ = {isa = PBXBuildFile; fileRef = 2B19DD9126FE1BEB00649CE1 /* JsonToSurvey.swift */; };
		2B19DD9426FE1D2600649CE1 /* TestViewController.swift in Sources */ = {isa = PBXBuildFile; fileRef = 2B19DD9326FE1D2600649CE1 /* TestViewController.swift */; };
		2B19DD9626FE1D2F00649CE1 /* CheckListItemViewController.swift in Sources */ = {isa = PBXBuildFile; fileRef = 2B19DD9526FE1D2F00649CE1 /* CheckListItemViewController.swift */; };
		2B8FB80427552B02000B2D7B /* CKMultipleSignInStep.swift in Sources */ = {isa = PBXBuildFile; fileRef = 2B8FB80327552B02000B2D7B /* CKMultipleSignInStep.swift */; };
		2B932F84276BF8D300AB3A02 /* CKReviewConsentDocument.swift in Sources */ = {isa = PBXBuildFile; fileRef = 2B932F83276BF8D300AB3A02 /* CKReviewConsentDocument.swift */; };
		2BD5328326C2CC4E00C4636E /* CKResearchSurveysManager.swift in Sources */ = {isa = PBXBuildFile; fileRef = 2BD5328226C2CC4E00C4636E /* CKResearchSurveysManager.swift */; };
		2BD5328526C30F2E00C4636E /* CloudTaskItem.swift in Sources */ = {isa = PBXBuildFile; fileRef = 2BD5328426C30F2E00C4636E /* CloudTaskItem.swift */; };
		2BF6452026C1DBE70020C206 /* CK_ORKSerialization.swift in Sources */ = {isa = PBXBuildFile; fileRef = 2BF6451F26C1DBE70020C206 /* CK_ORKSerialization.swift */; };
		2F94C5F22536543600DF8866 /* SceneDelegate+CardinalKit.swift in Sources */ = {isa = PBXBuildFile; fileRef = 2F94C5F12536543600DF8866 /* SceneDelegate+CardinalKit.swift */; };
		2FFFA2C829024EFD009D289D /* ORKTaskResult+FHIR.swift in Sources */ = {isa = PBXBuildFile; fileRef = 2FFFA2BF29024EFD009D289D /* ORKTaskResult+FHIR.swift */; };
		2FFFA2C929024EFD009D289D /* FHIRToResearchKitConversionError.swift in Sources */ = {isa = PBXBuildFile; fileRef = 2FFFA2C129024EFD009D289D /* FHIRToResearchKitConversionError.swift */; };
		2FFFA2CA29024EFD009D289D /* QuestionnaireItem+ResearchKit.swift in Sources */ = {isa = PBXBuildFile; fileRef = 2FFFA2C229024EFD009D289D /* QuestionnaireItem+ResearchKit.swift */; };
		2FFFA2CB29024EFD009D289D /* NavigationRules.swift in Sources */ = {isa = PBXBuildFile; fileRef = 2FFFA2C329024EFD009D289D /* NavigationRules.swift */; };
		2FFFA2CC29024EFD009D289D /* ORKNavigableOrderedTask+FHIR.swift in Sources */ = {isa = PBXBuildFile; fileRef = 2FFFA2C429024EFD009D289D /* ORKNavigableOrderedTask+FHIR.swift */; };
		2FFFA2CD29024EFD009D289D /* Questionnaire+ValueSets.swift in Sources */ = {isa = PBXBuildFile; fileRef = 2FFFA2C529024EFD009D289D /* Questionnaire+ValueSets.swift */; };
		2FFFA2CE29024EFD009D289D /* FHIRExtensions.swift in Sources */ = {isa = PBXBuildFile; fileRef = 2FFFA2C729024EFD009D289D /* FHIRExtensions.swift */; };
		2FFFA2D229025241009D289D /* ORKESerialization.m in Sources */ = {isa = PBXBuildFile; fileRef = 8E0A4386244A4A0400656518 /* ORKESerialization.m */; };
		8E0A43AC244A4A0400656518 /* CKStudyUser.swift in Sources */ = {isa = PBXBuildFile; fileRef = 8E0A4382244A4A0400656518 /* CKStudyUser.swift */; };
		8E0A43AD244A4A0400656518 /* Constants.swift in Sources */ = {isa = PBXBuildFile; fileRef = 8E0A4384244A4A0400656518 /* Constants.swift */; };
		8E0A43AF244A4A0400656518 /* Assets.xcassets in Resources */ = {isa = PBXBuildFile; fileRef = 8E0A4388244A4A0400656518 /* Assets.xcassets */; };
		8E0A43B0244A4A0400656518 /* LaunchScreen.storyboard in Resources */ = {isa = PBXBuildFile; fileRef = 8E0A4389244A4A0400656518 /* LaunchScreen.storyboard */; };
		8E0A43B3244A4A0400656518 /* TaskSamples.swift in Sources */ = {isa = PBXBuildFile; fileRef = 8E0A438F244A4A0400656518 /* TaskSamples.swift */; };
		8E0A43B5244A4A0400656518 /* LocalTaskItem.swift in Sources */ = {isa = PBXBuildFile; fileRef = 8E0A4391244A4A0400656518 /* LocalTaskItem.swift */; };
		8E0A43B9244A4A0400656518 /* AppDelegate.swift in Sources */ = {isa = PBXBuildFile; fileRef = 8E0A4396244A4A0400656518 /* AppDelegate.swift */; };
		8E0A43BE244A4A0400656518 /* CKHealthDataStepViewController.swift in Sources */ = {isa = PBXBuildFile; fileRef = 8E0A439D244A4A0400656518 /* CKHealthDataStepViewController.swift */; };
		8E0A43C0244A4A0400656518 /* PasswordlessLoginStep.swift in Sources */ = {isa = PBXBuildFile; fileRef = 8E0A439F244A4A0400656518 /* PasswordlessLoginStep.swift */; };
		8E0A43C1244A4A0400656518 /* LoginCustomWaitStepView.xib in Resources */ = {isa = PBXBuildFile; fileRef = 8E0A43A1244A4A0400656518 /* LoginCustomWaitStepView.xib */; };
		8E0A43C2244A4A0400656518 /* ConsentDocument.swift in Sources */ = {isa = PBXBuildFile; fileRef = 8E0A43A2244A4A0400656518 /* ConsentDocument.swift */; };
		8E0A43C3244A4A0400656518 /* LoginCustomWaitStepViewController.swift in Sources */ = {isa = PBXBuildFile; fileRef = 8E0A43A3244A4A0400656518 /* LoginCustomWaitStepViewController.swift */; };
		8E0A43D5244A693D00656518 /* HealthKit.framework in Frameworks */ = {isa = PBXBuildFile; fileRef = 8E0A43D4244A693D00656518 /* HealthKit.framework */; };
		8E6E1E092534F4100024B8DF /* OnboardingViewController.swift in Sources */ = {isa = PBXBuildFile; fileRef = 8E6E1E082534F4100024B8DF /* OnboardingViewController.swift */; };
		8E6E1E0B2534FF640024B8DF /* OnboardingViewController+Coordinator.swift in Sources */ = {isa = PBXBuildFile; fileRef = 8E6E1E0A2534FF640024B8DF /* OnboardingViewController+Coordinator.swift */; };
		8E6E1E0D25351D8F0024B8DF /* PageViewController.swift in Sources */ = {isa = PBXBuildFile; fileRef = 8E6E1E0C25351D8F0024B8DF /* PageViewController.swift */; };
		8E6E1E1025351E890024B8DF /* Extensions+UIColor.swift in Sources */ = {isa = PBXBuildFile; fileRef = 8E6E1E0F25351E890024B8DF /* Extensions+UIColor.swift */; };
		8E6E1E1225351F830024B8DF /* DocumentPreviewViewController.swift in Sources */ = {isa = PBXBuildFile; fileRef = 8E6E1E1125351F830024B8DF /* DocumentPreviewViewController.swift */; };
		8E6E1E14253520440024B8DF /* PasscodeViewController.swift in Sources */ = {isa = PBXBuildFile; fileRef = 8E6E1E13253520440024B8DF /* PasscodeViewController.swift */; };
		8E6E1E16253524500024B8DF /* WithdrawalViewController.swift in Sources */ = {isa = PBXBuildFile; fileRef = 8E6E1E15253524500024B8DF /* WithdrawalViewController.swift */; };
		8E6E1E182535263F0024B8DF /* CKTaskViewController.swift in Sources */ = {isa = PBXBuildFile; fileRef = 8E6E1E172535263F0024B8DF /* CKTaskViewController.swift */; };
		8E6E1E1A253528450024B8DF /* WithdrawView.swift in Sources */ = {isa = PBXBuildFile; fileRef = 8E6E1E19253528450024B8DF /* WithdrawView.swift */; };
		8E6E1E1C253528D70024B8DF /* ReportView.swift in Sources */ = {isa = PBXBuildFile; fileRef = 8E6E1E1B253528D70024B8DF /* ReportView.swift */; };
		8E6E1E1E253528F50024B8DF /* SupportView.swift in Sources */ = {isa = PBXBuildFile; fileRef = 8E6E1E1D253528F50024B8DF /* SupportView.swift */; };
		8E6E1E20253529760024B8DF /* DocumentView.swift in Sources */ = {isa = PBXBuildFile; fileRef = 8E6E1E1F253529760024B8DF /* DocumentView.swift */; };
		8E6E1E2225352C780024B8DF /* OnboardingUIView.swift in Sources */ = {isa = PBXBuildFile; fileRef = 8E6E1E2125352C780024B8DF /* OnboardingUIView.swift */; };
		8E6E1E24253537580024B8DF /* MainUIView.swift in Sources */ = {isa = PBXBuildFile; fileRef = 8E6E1E23253537580024B8DF /* MainUIView.swift */; };
		8E6E1E26253537E40024B8DF /* TasksUIView.swift in Sources */ = {isa = PBXBuildFile; fileRef = 8E6E1E25253537E40024B8DF /* TasksUIView.swift */; };
		8E6E1E28253538CC0024B8DF /* CloudTaskListItemView.swift in Sources */ = {isa = PBXBuildFile; fileRef = 8E6E1E27253538CC0024B8DF /* CloudTaskListItemView.swift */; };
		8E6E1E2A2535398D0024B8DF /* HelpView.swift in Sources */ = {isa = PBXBuildFile; fileRef = 8E6E1E292535398D0024B8DF /* HelpView.swift */; };
		8E6E1E2C253539AE0024B8DF /* ChangePasscodeView.swift in Sources */ = {isa = PBXBuildFile; fileRef = 8E6E1E2B253539AE0024B8DF /* ChangePasscodeView.swift */; };
		8E6E1E2E25353A1E0024B8DF /* PatientIDView.swift in Sources */ = {isa = PBXBuildFile; fileRef = 8E6E1E2D25353A1E0024B8DF /* PatientIDView.swift */; };
		8E6E1E3225353ABE0024B8DF /* ProfileUIView.swift in Sources */ = {isa = PBXBuildFile; fileRef = 8E6E1E3125353ABE0024B8DF /* ProfileUIView.swift */; };
		8E6E1E3425353AFE0024B8DF /* EmailHelper.swift in Sources */ = {isa = PBXBuildFile; fileRef = 8E6E1E3325353AFE0024B8DF /* EmailHelper.swift */; };
		8E7FFFB425DCE9B7002982B4 /* CKUploadToGCPTaskViewControllerDelegate.swift in Sources */ = {isa = PBXBuildFile; fileRef = 8E7FFFB325DCE9B7002982B4 /* CKUploadToGCPTaskViewControllerDelegate.swift */; };
		8E7FFFB825DE350A002982B4 /* CoffeeUIView.swift in Sources */ = {isa = PBXBuildFile; fileRef = 8E7FFFB725DE350A002982B4 /* CoffeeUIView.swift */; };
		8E7FFFBB25DE37FF002982B4 /* CoffeePieChartView.swift in Sources */ = {isa = PBXBuildFile; fileRef = 8E7FFFBA25DE37FF002982B4 /* CoffeePieChartView.swift */; };
		8E7FFFBD25DE38E4002982B4 /* CoffeeChartDataSource.swift in Sources */ = {isa = PBXBuildFile; fileRef = 8E7FFFBC25DE38E4002982B4 /* CoffeeChartDataSource.swift */; };
		8E9CDE912591534B00C8A228 /* CareKitStore in Frameworks */ = {isa = PBXBuildFile; productRef = 8E9CDE902591534B00C8A228 /* CareKitStore */; };
		8E9CDE932591534B00C8A228 /* CareKitFHIR in Frameworks */ = {isa = PBXBuildFile; productRef = 8E9CDE922591534B00C8A228 /* CareKitFHIR */; };
		8E9CDE952591534B00C8A228 /* CareKit in Frameworks */ = {isa = PBXBuildFile; productRef = 8E9CDE942591534B00C8A228 /* CareKit */; };
		8E9CDE972591534B00C8A228 /* CareKitUI in Frameworks */ = {isa = PBXBuildFile; productRef = 8E9CDE962591534B00C8A228 /* CareKitUI */; };
		8E9CDEA725916B2800C8A228 /* ScheduleViewControllerRepresentable.swift in Sources */ = {isa = PBXBuildFile; fileRef = 8E9CDEA625916B2800C8A228 /* ScheduleViewControllerRepresentable.swift */; };
		8E9CDEA925916E6600C8A228 /* ScheduleViewController.swift in Sources */ = {isa = PBXBuildFile; fileRef = 8E9CDEA825916E6600C8A228 /* ScheduleViewController.swift */; };
		8E9CDEAD259170AD00C8A228 /* CKCareKitManager.swift in Sources */ = {isa = PBXBuildFile; fileRef = 8E9CDEAC259170AD00C8A228 /* CKCareKitManager.swift */; };
		8E9CDEAF259172C200C8A228 /* CKCareKitManager+Sample.swift in Sources */ = {isa = PBXBuildFile; fileRef = 8E9CDEAE259172C200C8A228 /* CKCareKitManager+Sample.swift */; };
		8E9CDEB22591739A00C8A228 /* TipView.swift in Sources */ = {isa = PBXBuildFile; fileRef = 8E9CDEB12591739A00C8A228 /* TipView.swift */; };
		8E9CDEB6259181B400C8A228 /* CareTeamViewControllerRepresentable.swift in Sources */ = {isa = PBXBuildFile; fileRef = 8E9CDEB5259181B400C8A228 /* CareTeamViewControllerRepresentable.swift */; };
		8E9CDEBA2591843200C8A228 /* CKConfig.swift in Sources */ = {isa = PBXBuildFile; fileRef = 8E9CDEB92591843200C8A228 /* CKConfig.swift */; };
		8E9CDED02591AC4A00C8A228 /* CKHealthKitManager.swift in Sources */ = {isa = PBXBuildFile; fileRef = 8E9CDECF2591AC4A00C8A228 /* CKHealthKitManager.swift */; };
		8E9CDF142591B73900C8A228 /* CKHealthRecordsManager.swift in Sources */ = {isa = PBXBuildFile; fileRef = 8E9CDF132591B73900C8A228 /* CKHealthRecordsManager.swift */; };
		8E9CDF832592844A00C8A228 /* LearnUIView.swift in Sources */ = {isa = PBXBuildFile; fileRef = 8E9CDF822592844A00C8A228 /* LearnUIView.swift */; };
		8E9CDFAE2592B79900C8A228 /* Metrics.swift in Sources */ = {isa = PBXBuildFile; fileRef = 8E9CDFAD2592B79900C8A228 /* Metrics.swift */; };
		8EA664232592E57200B6A45A /* SensorsDemoUIView.swift in Sources */ = {isa = PBXBuildFile; fileRef = 8EA664222592E57200B6A45A /* SensorsDemoUIView.swift */; };
		8EA6648725930B6B00B6A45A /* CKHealthRecordsStepViewController.swift in Sources */ = {isa = PBXBuildFile; fileRef = 8EA6648625930B6B00B6A45A /* CKHealthRecordsStepViewController.swift */; };
		8EA664AD2593380D00B6A45A /* SendRecordsView.swift in Sources */ = {isa = PBXBuildFile; fileRef = 8EA664AC2593380D00B6A45A /* SendRecordsView.swift */; };
		8EA664B025941A4D00B6A45A /* SurveyItemViewController.swift in Sources */ = {isa = PBXBuildFile; fileRef = 8EA664AF25941A4D00B6A45A /* SurveyItemViewController.swift */; };
		8EA664B2259422E400B6A45A /* CKCareKitRemoteSyncWithFirestore.swift in Sources */ = {isa = PBXBuildFile; fileRef = 8EA664B1259422E400B6A45A /* CKCareKitRemoteSyncWithFirestore.swift */; };
		8EA664B42594387900B6A45A /* Errors.swift in Sources */ = {isa = PBXBuildFile; fileRef = 8EA664B32594387900B6A45A /* Errors.swift */; };
		8EBE6F9C24B3C0E60093D07C /* AppDelegate+CardinalKit.swift in Sources */ = {isa = PBXBuildFile; fileRef = 8EBE6F9B24B3C0E60093D07C /* AppDelegate+CardinalKit.swift */; };
		D253D132250D1BDB00A363E4 /* CKSignInWithAppleStep.swift in Sources */ = {isa = PBXBuildFile; fileRef = D253D131250D1BDB00A363E4 /* CKSignInWithAppleStep.swift */; };
		E235077724F7082700CC1899 /* SceneDelegate.swift in Sources */ = {isa = PBXBuildFile; fileRef = E235077624F7082700CC1899 /* SceneDelegate.swift */; };
		E2680B1B260A72DD00B755EA /* LoginExistingUserViewController.swift in Sources */ = {isa = PBXBuildFile; fileRef = E2680B1A260A72DD00B755EA /* LoginExistingUserViewController.swift */; };
		E29143FC24E74AD100EE97B2 /* LaunchUIView.swift in Sources */ = {isa = PBXBuildFile; fileRef = E29143FB24E74AD100EE97B2 /* LaunchUIView.swift */; };
		E2DF9F0A2500C9CE00A93B93 /* LoginViewController.swift in Sources */ = {isa = PBXBuildFile; fileRef = E2DF9F092500C9CE00A93B93 /* LoginViewController.swift */; };
		E2F1FD7624D61EDA006C39DF /* CKPropertyReader.swift in Sources */ = {isa = PBXBuildFile; fileRef = E2F1FD7524D61EDA006C39DF /* CKPropertyReader.swift */; };
		E2F1FD7824D62064006C39DF /* CKConfiguration.plist in Resources */ = {isa = PBXBuildFile; fileRef = E2F1FD7724D62064006C39DF /* CKConfiguration.plist */; };
/* End PBXBuildFile section */

/* Begin PBXCopyFilesBuildPhase section */
		8E0A43D0244A60D800656518 /* Embed Frameworks */ = {
			isa = PBXCopyFilesBuildPhase;
			buildActionMask = 2147483647;
			dstPath = "";
			dstSubfolderSpec = 10;
			files = (
			);
			name = "Embed Frameworks";
			runOnlyForDeploymentPostprocessing = 0;
		};
/* End PBXCopyFilesBuildPhase section */

/* Begin PBXFileReference section */
		07D78DA16FC9C3C7709EA243 /* LICENSE */ = {isa = PBXFileReference; includeInIndex = 1; lastKnownFileType = text; name = LICENSE; path = ../LICENSE; sourceTree = "<group>"; };
		270AF36127872C13002945A7 /* CardinalKit_ExampleRelease.entitlements */ = {isa = PBXFileReference; lastKnownFileType = text.plist.entitlements; path = CardinalKit_ExampleRelease.entitlements; sourceTree = "<group>"; };
		270CDC0928A65A0100F2F053 /* CKFHIRTaskViewController.swift */ = {isa = PBXFileReference; lastKnownFileType = sourcecode.swift; path = CKFHIRTaskViewController.swift; sourceTree = "<group>"; };
		270CDC0B28A65AD300F2F053 /* CKUploadFHIRTaskViewControllerDelegate.swift */ = {isa = PBXFileReference; lastKnownFileType = sourcecode.swift; path = CKUploadFHIRTaskViewControllerDelegate.swift; sourceTree = "<group>"; };
		276399A029021BB4004DE158 /* GoogleService-Info.plist */ = {isa = PBXFileReference; fileEncoding = 4; lastKnownFileType = text.plist.xml; path = "GoogleService-Info.plist"; sourceTree = "<group>"; };
		27653A12272A2E7700D74E83 /* LocalTaskListItemView.swift */ = {isa = PBXFileReference; lastKnownFileType = sourcecode.swift; path = LocalTaskListItemView.swift; sourceTree = "<group>"; };
		2B19DD9126FE1BEB00649CE1 /* JsonToSurvey.swift */ = {isa = PBXFileReference; fileEncoding = 4; lastKnownFileType = sourcecode.swift; path = JsonToSurvey.swift; sourceTree = "<group>"; };
		2B19DD9326FE1D2600649CE1 /* TestViewController.swift */ = {isa = PBXFileReference; fileEncoding = 4; lastKnownFileType = sourcecode.swift; path = TestViewController.swift; sourceTree = "<group>"; };
		2B19DD9526FE1D2F00649CE1 /* CheckListItemViewController.swift */ = {isa = PBXFileReference; fileEncoding = 4; lastKnownFileType = sourcecode.swift; path = CheckListItemViewController.swift; sourceTree = "<group>"; };
		2B8FB80327552B02000B2D7B /* CKMultipleSignInStep.swift */ = {isa = PBXFileReference; lastKnownFileType = sourcecode.swift; path = CKMultipleSignInStep.swift; sourceTree = "<group>"; };
		2B932F83276BF8D300AB3A02 /* CKReviewConsentDocument.swift */ = {isa = PBXFileReference; lastKnownFileType = sourcecode.swift; path = CKReviewConsentDocument.swift; sourceTree = "<group>"; };
		2BD5328226C2CC4E00C4636E /* CKResearchSurveysManager.swift */ = {isa = PBXFileReference; fileEncoding = 4; lastKnownFileType = sourcecode.swift; path = CKResearchSurveysManager.swift; sourceTree = "<group>"; };
		2BD5328426C30F2E00C4636E /* CloudTaskItem.swift */ = {isa = PBXFileReference; lastKnownFileType = sourcecode.swift; path = CloudTaskItem.swift; sourceTree = "<group>"; };
		2BF6451F26C1DBE70020C206 /* CK_ORKSerialization.swift */ = {isa = PBXFileReference; fileEncoding = 4; lastKnownFileType = sourcecode.swift; path = CK_ORKSerialization.swift; sourceTree = "<group>"; };
		2F94C5F12536543600DF8866 /* SceneDelegate+CardinalKit.swift */ = {isa = PBXFileReference; lastKnownFileType = sourcecode.swift; path = "SceneDelegate+CardinalKit.swift"; sourceTree = "<group>"; };
		2FFFA2BF29024EFD009D289D /* ORKTaskResult+FHIR.swift */ = {isa = PBXFileReference; fileEncoding = 4; lastKnownFileType = sourcecode.swift; path = "ORKTaskResult+FHIR.swift"; sourceTree = "<group>"; };
		2FFFA2C129024EFD009D289D /* FHIRToResearchKitConversionError.swift */ = {isa = PBXFileReference; fileEncoding = 4; lastKnownFileType = sourcecode.swift; path = FHIRToResearchKitConversionError.swift; sourceTree = "<group>"; };
		2FFFA2C229024EFD009D289D /* QuestionnaireItem+ResearchKit.swift */ = {isa = PBXFileReference; fileEncoding = 4; lastKnownFileType = sourcecode.swift; path = "QuestionnaireItem+ResearchKit.swift"; sourceTree = "<group>"; };
		2FFFA2C329024EFD009D289D /* NavigationRules.swift */ = {isa = PBXFileReference; fileEncoding = 4; lastKnownFileType = sourcecode.swift; path = NavigationRules.swift; sourceTree = "<group>"; };
		2FFFA2C429024EFD009D289D /* ORKNavigableOrderedTask+FHIR.swift */ = {isa = PBXFileReference; fileEncoding = 4; lastKnownFileType = sourcecode.swift; path = "ORKNavigableOrderedTask+FHIR.swift"; sourceTree = "<group>"; };
		2FFFA2C529024EFD009D289D /* Questionnaire+ValueSets.swift */ = {isa = PBXFileReference; fileEncoding = 4; lastKnownFileType = sourcecode.swift; path = "Questionnaire+ValueSets.swift"; sourceTree = "<group>"; };
		2FFFA2C729024EFD009D289D /* FHIRExtensions.swift */ = {isa = PBXFileReference; fileEncoding = 4; lastKnownFileType = sourcecode.swift; path = FHIRExtensions.swift; sourceTree = "<group>"; };
		41DC264876E45FE5A3FD8701 /* README.md */ = {isa = PBXFileReference; includeInIndex = 1; lastKnownFileType = net.daringfireball.markdown; name = README.md; path = ../README.md; sourceTree = "<group>"; };
		607FACD01AFB9204008FA782 /* CardinalKit Example.app */ = {isa = PBXFileReference; explicitFileType = wrapper.application; includeInIndex = 0; path = "CardinalKit Example.app"; sourceTree = BUILT_PRODUCTS_DIR; };
		62AA5CD1C2188D392530510F /* CardinalKit.podspec */ = {isa = PBXFileReference; includeInIndex = 1; lastKnownFileType = text; name = CardinalKit.podspec; path = ../CardinalKit.podspec; sourceTree = "<group>"; xcLanguageSpecificationIdentifier = xcode.lang.ruby; };
		8E0A4378244A4A0300656518 /* CardinalKit_Example-Bridging-Header.h */ = {isa = PBXFileReference; lastKnownFileType = sourcecode.c.h; path = "CardinalKit_Example-Bridging-Header.h"; sourceTree = "<group>"; };
		8E0A4382244A4A0400656518 /* CKStudyUser.swift */ = {isa = PBXFileReference; fileEncoding = 4; lastKnownFileType = sourcecode.swift; path = CKStudyUser.swift; sourceTree = "<group>"; };
		8E0A4384244A4A0400656518 /* Constants.swift */ = {isa = PBXFileReference; fileEncoding = 4; lastKnownFileType = sourcecode.swift; path = Constants.swift; sourceTree = "<group>"; };
		8E0A4386244A4A0400656518 /* ORKESerialization.m */ = {isa = PBXFileReference; fileEncoding = 4; lastKnownFileType = sourcecode.c.objc; path = ORKESerialization.m; sourceTree = "<group>"; };
		8E0A4387244A4A0400656518 /* ORKESerialization.h */ = {isa = PBXFileReference; fileEncoding = 4; lastKnownFileType = sourcecode.c.h; path = ORKESerialization.h; sourceTree = "<group>"; };
		8E0A4388244A4A0400656518 /* Assets.xcassets */ = {isa = PBXFileReference; lastKnownFileType = folder.assetcatalog; path = Assets.xcassets; sourceTree = "<group>"; };
		8E0A438A244A4A0400656518 /* Base */ = {isa = PBXFileReference; lastKnownFileType = file.storyboard; name = Base; path = Base.lproj/LaunchScreen.storyboard; sourceTree = "<group>"; };
		8E0A438B244A4A0400656518 /* CardinalKit-Example.entitlements */ = {isa = PBXFileReference; fileEncoding = 4; lastKnownFileType = text.plist.entitlements; path = "CardinalKit-Example.entitlements"; sourceTree = "<group>"; };
		8E0A438F244A4A0400656518 /* TaskSamples.swift */ = {isa = PBXFileReference; fileEncoding = 4; lastKnownFileType = sourcecode.swift; path = TaskSamples.swift; sourceTree = "<group>"; };
		8E0A4391244A4A0400656518 /* LocalTaskItem.swift */ = {isa = PBXFileReference; fileEncoding = 4; lastKnownFileType = sourcecode.swift; path = LocalTaskItem.swift; sourceTree = "<group>"; };
		8E0A4396244A4A0400656518 /* AppDelegate.swift */ = {isa = PBXFileReference; fileEncoding = 4; lastKnownFileType = sourcecode.swift; path = AppDelegate.swift; sourceTree = "<group>"; };
		8E0A439D244A4A0400656518 /* CKHealthDataStepViewController.swift */ = {isa = PBXFileReference; fileEncoding = 4; lastKnownFileType = sourcecode.swift; path = CKHealthDataStepViewController.swift; sourceTree = "<group>"; };
		8E0A439F244A4A0400656518 /* PasswordlessLoginStep.swift */ = {isa = PBXFileReference; fileEncoding = 4; lastKnownFileType = sourcecode.swift; path = PasswordlessLoginStep.swift; sourceTree = "<group>"; };
		8E0A43A1244A4A0400656518 /* LoginCustomWaitStepView.xib */ = {isa = PBXFileReference; fileEncoding = 4; lastKnownFileType = file.xib; path = LoginCustomWaitStepView.xib; sourceTree = "<group>"; };
		8E0A43A2244A4A0400656518 /* ConsentDocument.swift */ = {isa = PBXFileReference; fileEncoding = 4; lastKnownFileType = sourcecode.swift; path = ConsentDocument.swift; sourceTree = "<group>"; };
		8E0A43A3244A4A0400656518 /* LoginCustomWaitStepViewController.swift */ = {isa = PBXFileReference; fileEncoding = 4; lastKnownFileType = sourcecode.swift; path = LoginCustomWaitStepViewController.swift; sourceTree = "<group>"; };
		8E0A43C9244A4C6500656518 /* Info.plist */ = {isa = PBXFileReference; fileEncoding = 4; lastKnownFileType = text.plist.xml; path = Info.plist; sourceTree = "<group>"; };
		8E0A43D4244A693D00656518 /* HealthKit.framework */ = {isa = PBXFileReference; lastKnownFileType = wrapper.framework; name = HealthKit.framework; path = System/Library/Frameworks/HealthKit.framework; sourceTree = SDKROOT; };
		8E6E1E082534F4100024B8DF /* OnboardingViewController.swift */ = {isa = PBXFileReference; lastKnownFileType = sourcecode.swift; path = OnboardingViewController.swift; sourceTree = "<group>"; };
		8E6E1E0A2534FF640024B8DF /* OnboardingViewController+Coordinator.swift */ = {isa = PBXFileReference; lastKnownFileType = sourcecode.swift; path = "OnboardingViewController+Coordinator.swift"; sourceTree = "<group>"; };
		8E6E1E0C25351D8F0024B8DF /* PageViewController.swift */ = {isa = PBXFileReference; lastKnownFileType = sourcecode.swift; path = PageViewController.swift; sourceTree = "<group>"; };
		8E6E1E0F25351E890024B8DF /* Extensions+UIColor.swift */ = {isa = PBXFileReference; lastKnownFileType = sourcecode.swift; path = "Extensions+UIColor.swift"; sourceTree = "<group>"; };
		8E6E1E1125351F830024B8DF /* DocumentPreviewViewController.swift */ = {isa = PBXFileReference; lastKnownFileType = sourcecode.swift; path = DocumentPreviewViewController.swift; sourceTree = "<group>"; };
		8E6E1E13253520440024B8DF /* PasscodeViewController.swift */ = {isa = PBXFileReference; lastKnownFileType = sourcecode.swift; path = PasscodeViewController.swift; sourceTree = "<group>"; };
		8E6E1E15253524500024B8DF /* WithdrawalViewController.swift */ = {isa = PBXFileReference; lastKnownFileType = sourcecode.swift; path = WithdrawalViewController.swift; sourceTree = "<group>"; };
		8E6E1E172535263F0024B8DF /* CKTaskViewController.swift */ = {isa = PBXFileReference; lastKnownFileType = sourcecode.swift; path = CKTaskViewController.swift; sourceTree = "<group>"; };
		8E6E1E19253528450024B8DF /* WithdrawView.swift */ = {isa = PBXFileReference; lastKnownFileType = sourcecode.swift; path = WithdrawView.swift; sourceTree = "<group>"; };
		8E6E1E1B253528D70024B8DF /* ReportView.swift */ = {isa = PBXFileReference; lastKnownFileType = sourcecode.swift; path = ReportView.swift; sourceTree = "<group>"; };
		8E6E1E1D253528F50024B8DF /* SupportView.swift */ = {isa = PBXFileReference; lastKnownFileType = sourcecode.swift; path = SupportView.swift; sourceTree = "<group>"; };
		8E6E1E1F253529760024B8DF /* DocumentView.swift */ = {isa = PBXFileReference; lastKnownFileType = sourcecode.swift; path = DocumentView.swift; sourceTree = "<group>"; };
		8E6E1E2125352C780024B8DF /* OnboardingUIView.swift */ = {isa = PBXFileReference; lastKnownFileType = sourcecode.swift; path = OnboardingUIView.swift; sourceTree = "<group>"; };
		8E6E1E23253537580024B8DF /* MainUIView.swift */ = {isa = PBXFileReference; lastKnownFileType = sourcecode.swift; path = MainUIView.swift; sourceTree = "<group>"; };
		8E6E1E25253537E40024B8DF /* TasksUIView.swift */ = {isa = PBXFileReference; lastKnownFileType = sourcecode.swift; path = TasksUIView.swift; sourceTree = "<group>"; };
		8E6E1E27253538CC0024B8DF /* CloudTaskListItemView.swift */ = {isa = PBXFileReference; lastKnownFileType = sourcecode.swift; path = CloudTaskListItemView.swift; sourceTree = "<group>"; };
		8E6E1E292535398D0024B8DF /* HelpView.swift */ = {isa = PBXFileReference; lastKnownFileType = sourcecode.swift; path = HelpView.swift; sourceTree = "<group>"; };
		8E6E1E2B253539AE0024B8DF /* ChangePasscodeView.swift */ = {isa = PBXFileReference; lastKnownFileType = sourcecode.swift; path = ChangePasscodeView.swift; sourceTree = "<group>"; };
		8E6E1E2D25353A1E0024B8DF /* PatientIDView.swift */ = {isa = PBXFileReference; lastKnownFileType = sourcecode.swift; path = PatientIDView.swift; sourceTree = "<group>"; };
		8E6E1E3125353ABE0024B8DF /* ProfileUIView.swift */ = {isa = PBXFileReference; lastKnownFileType = sourcecode.swift; path = ProfileUIView.swift; sourceTree = "<group>"; };
		8E6E1E3325353AFE0024B8DF /* EmailHelper.swift */ = {isa = PBXFileReference; lastKnownFileType = sourcecode.swift; path = EmailHelper.swift; sourceTree = "<group>"; };
		8E7FFFB325DCE9B7002982B4 /* CKUploadToGCPTaskViewControllerDelegate.swift */ = {isa = PBXFileReference; lastKnownFileType = sourcecode.swift; path = CKUploadToGCPTaskViewControllerDelegate.swift; sourceTree = "<group>"; };
		8E7FFFB725DE350A002982B4 /* CoffeeUIView.swift */ = {isa = PBXFileReference; lastKnownFileType = sourcecode.swift; path = CoffeeUIView.swift; sourceTree = "<group>"; };
		8E7FFFBA25DE37FF002982B4 /* CoffeePieChartView.swift */ = {isa = PBXFileReference; lastKnownFileType = sourcecode.swift; path = CoffeePieChartView.swift; sourceTree = "<group>"; };
		8E7FFFBC25DE38E4002982B4 /* CoffeeChartDataSource.swift */ = {isa = PBXFileReference; lastKnownFileType = sourcecode.swift; path = CoffeeChartDataSource.swift; sourceTree = "<group>"; };
		8E9CDEA625916B2800C8A228 /* ScheduleViewControllerRepresentable.swift */ = {isa = PBXFileReference; lastKnownFileType = sourcecode.swift; path = ScheduleViewControllerRepresentable.swift; sourceTree = "<group>"; };
		8E9CDEA825916E6600C8A228 /* ScheduleViewController.swift */ = {isa = PBXFileReference; lastKnownFileType = sourcecode.swift; path = ScheduleViewController.swift; sourceTree = "<group>"; };
		8E9CDEAC259170AD00C8A228 /* CKCareKitManager.swift */ = {isa = PBXFileReference; lastKnownFileType = sourcecode.swift; path = CKCareKitManager.swift; sourceTree = "<group>"; };
		8E9CDEAE259172C200C8A228 /* CKCareKitManager+Sample.swift */ = {isa = PBXFileReference; lastKnownFileType = sourcecode.swift; path = "CKCareKitManager+Sample.swift"; sourceTree = "<group>"; };
		8E9CDEB12591739A00C8A228 /* TipView.swift */ = {isa = PBXFileReference; lastKnownFileType = sourcecode.swift; path = TipView.swift; sourceTree = "<group>"; };
		8E9CDEB5259181B400C8A228 /* CareTeamViewControllerRepresentable.swift */ = {isa = PBXFileReference; lastKnownFileType = sourcecode.swift; path = CareTeamViewControllerRepresentable.swift; sourceTree = "<group>"; };
		8E9CDEB92591843200C8A228 /* CKConfig.swift */ = {isa = PBXFileReference; lastKnownFileType = sourcecode.swift; path = CKConfig.swift; sourceTree = "<group>"; };
		8E9CDECF2591AC4A00C8A228 /* CKHealthKitManager.swift */ = {isa = PBXFileReference; lastKnownFileType = sourcecode.swift; path = CKHealthKitManager.swift; sourceTree = "<group>"; };
		8E9CDF132591B73900C8A228 /* CKHealthRecordsManager.swift */ = {isa = PBXFileReference; lastKnownFileType = sourcecode.swift; path = CKHealthRecordsManager.swift; sourceTree = "<group>"; };
		8E9CDF822592844A00C8A228 /* LearnUIView.swift */ = {isa = PBXFileReference; lastKnownFileType = sourcecode.swift; path = LearnUIView.swift; sourceTree = "<group>"; };
		8E9CDFAD2592B79900C8A228 /* Metrics.swift */ = {isa = PBXFileReference; lastKnownFileType = sourcecode.swift; path = Metrics.swift; sourceTree = "<group>"; };
		8EA664222592E57200B6A45A /* SensorsDemoUIView.swift */ = {isa = PBXFileReference; lastKnownFileType = sourcecode.swift; path = SensorsDemoUIView.swift; sourceTree = "<group>"; };
		8EA6648625930B6B00B6A45A /* CKHealthRecordsStepViewController.swift */ = {isa = PBXFileReference; lastKnownFileType = sourcecode.swift; path = CKHealthRecordsStepViewController.swift; sourceTree = "<group>"; };
		8EA664AC2593380D00B6A45A /* SendRecordsView.swift */ = {isa = PBXFileReference; lastKnownFileType = sourcecode.swift; path = SendRecordsView.swift; sourceTree = "<group>"; };
		8EA664AF25941A4D00B6A45A /* SurveyItemViewController.swift */ = {isa = PBXFileReference; lastKnownFileType = sourcecode.swift; path = SurveyItemViewController.swift; sourceTree = "<group>"; };
		8EA664B1259422E400B6A45A /* CKCareKitRemoteSyncWithFirestore.swift */ = {isa = PBXFileReference; lastKnownFileType = sourcecode.swift; path = CKCareKitRemoteSyncWithFirestore.swift; sourceTree = "<group>"; };
		8EA664B32594387900B6A45A /* Errors.swift */ = {isa = PBXFileReference; lastKnownFileType = sourcecode.swift; path = Errors.swift; sourceTree = "<group>"; };
		8EBE6F9B24B3C0E60093D07C /* AppDelegate+CardinalKit.swift */ = {isa = PBXFileReference; lastKnownFileType = sourcecode.swift; path = "AppDelegate+CardinalKit.swift"; sourceTree = "<group>"; };
		D253D131250D1BDB00A363E4 /* CKSignInWithAppleStep.swift */ = {isa = PBXFileReference; fileEncoding = 4; lastKnownFileType = sourcecode.swift; path = CKSignInWithAppleStep.swift; sourceTree = "<group>"; };
		E235077624F7082700CC1899 /* SceneDelegate.swift */ = {isa = PBXFileReference; lastKnownFileType = sourcecode.swift; path = SceneDelegate.swift; sourceTree = "<group>"; };
		E2680B1A260A72DD00B755EA /* LoginExistingUserViewController.swift */ = {isa = PBXFileReference; fileEncoding = 4; lastKnownFileType = sourcecode.swift; path = LoginExistingUserViewController.swift; sourceTree = "<group>"; };
		E29143FB24E74AD100EE97B2 /* LaunchUIView.swift */ = {isa = PBXFileReference; lastKnownFileType = sourcecode.swift; path = LaunchUIView.swift; sourceTree = "<group>"; };
		E2DF9F092500C9CE00A93B93 /* LoginViewController.swift */ = {isa = PBXFileReference; lastKnownFileType = sourcecode.swift; path = LoginViewController.swift; sourceTree = "<group>"; };
		E2F1FD7524D61EDA006C39DF /* CKPropertyReader.swift */ = {isa = PBXFileReference; lastKnownFileType = sourcecode.swift; path = CKPropertyReader.swift; sourceTree = "<group>"; };
		E2F1FD7724D62064006C39DF /* CKConfiguration.plist */ = {isa = PBXFileReference; lastKnownFileType = text.plist.xml; path = CKConfiguration.plist; sourceTree = "<group>"; };
/* End PBXFileReference section */

/* Begin PBXFrameworksBuildPhase section */
		607FACCD1AFB9204008FA782 /* Frameworks */ = {
			isa = PBXFrameworksBuildPhase;
			buildActionMask = 2147483647;
			files = (
				8E9CDE952591534B00C8A228 /* CareKit in Frameworks */,
				8E9CDE972591534B00C8A228 /* CareKitUI in Frameworks */,
				8E0A43D5244A693D00656518 /* HealthKit.framework in Frameworks */,
				8E9CDE912591534B00C8A228 /* CareKitStore in Frameworks */,
				8E9CDE932591534B00C8A228 /* CareKitFHIR in Frameworks */,
			);
			runOnlyForDeploymentPostprocessing = 0;
		};
/* End PBXFrameworksBuildPhase section */

/* Begin PBXGroup section */
		2B8FB80227552ADD000B2D7B /* SignUp */ = {
			isa = PBXGroup;
			children = (
				2B8FB80327552B02000B2D7B /* CKMultipleSignInStep.swift */,
				2B932F83276BF8D300AB3A02 /* CKReviewConsentDocument.swift */,
			);
			path = SignUp;
			sourceTree = "<group>";
		};
		2C45A885E8BD0CAC5349997A /* Frameworks */ = {
			isa = PBXGroup;
			children = (
				8E0A43D4244A693D00656518 /* HealthKit.framework */,
			);
			name = Frameworks;
			sourceTree = "<group>";
		};
		2FFFA2BD29024EFD009D289D /* ResearchKitOnFHIR */ = {
			isa = PBXGroup;
			children = (
				2FFFA2BE29024EFD009D289D /* ResearchKitToFHIR */,
				2FFFA2C029024EFD009D289D /* FHIRToResearchKit */,
				2FFFA2C629024EFD009D289D /* FHIRExtensions */,
			);
			path = ResearchKitOnFHIR;
			sourceTree = "<group>";
		};
		2FFFA2BE29024EFD009D289D /* ResearchKitToFHIR */ = {
			isa = PBXGroup;
			children = (
				2FFFA2BF29024EFD009D289D /* ORKTaskResult+FHIR.swift */,
			);
			path = ResearchKitToFHIR;
			sourceTree = "<group>";
		};
		2FFFA2C029024EFD009D289D /* FHIRToResearchKit */ = {
			isa = PBXGroup;
			children = (
				2FFFA2C129024EFD009D289D /* FHIRToResearchKitConversionError.swift */,
				2FFFA2C229024EFD009D289D /* QuestionnaireItem+ResearchKit.swift */,
				2FFFA2C329024EFD009D289D /* NavigationRules.swift */,
				2FFFA2C429024EFD009D289D /* ORKNavigableOrderedTask+FHIR.swift */,
				2FFFA2C529024EFD009D289D /* Questionnaire+ValueSets.swift */,
			);
			path = FHIRToResearchKit;
			sourceTree = "<group>";
		};
		2FFFA2C629024EFD009D289D /* FHIRExtensions */ = {
			isa = PBXGroup;
			children = (
				2FFFA2C729024EFD009D289D /* FHIRExtensions.swift */,
			);
			path = FHIRExtensions;
			sourceTree = "<group>";
		};
		607FACC71AFB9204008FA782 = {
			isa = PBXGroup;
			children = (
				270AF36127872C13002945A7 /* CardinalKit_ExampleRelease.entitlements */,
				8E0A438B244A4A0400656518 /* CardinalKit-Example.entitlements */,
				607FACF51AFB993E008FA782 /* Podspec Metadata */,
				607FACD21AFB9204008FA782 /* CardinalKit-Example */,
				607FACD11AFB9204008FA782 /* Products */,
				A562A578C883F67F0DAE1385 /* Pods */,
				2C45A885E8BD0CAC5349997A /* Frameworks */,
			);
			sourceTree = "<group>";
		};
		607FACD11AFB9204008FA782 /* Products */ = {
			isa = PBXGroup;
			children = (
				607FACD01AFB9204008FA782 /* CardinalKit Example.app */,
			);
			name = Products;
			sourceTree = "<group>";
		};
		607FACD21AFB9204008FA782 /* CardinalKit-Example */ = {
			isa = PBXGroup;
			children = (
				8E0A4383244A4A0400656518 /* Supporting Files */,
				8E9CDEAA25916F2A00C8A228 /* Components */,
				8E0A43C5244A4A5700656518 /* Library */,
				8E0A4396244A4A0400656518 /* AppDelegate.swift */,
				8EBE6F9B24B3C0E60093D07C /* AppDelegate+CardinalKit.swift */,
				E235077624F7082700CC1899 /* SceneDelegate.swift */,
				2F94C5F12536543600DF8866 /* SceneDelegate+CardinalKit.swift */,
			);
			name = "CardinalKit-Example";
			path = CardinalKit;
			sourceTree = "<group>";
		};
		607FACF51AFB993E008FA782 /* Podspec Metadata */ = {
			isa = PBXGroup;
			children = (
				62AA5CD1C2188D392530510F /* CardinalKit.podspec */,
				41DC264876E45FE5A3FD8701 /* README.md */,
				07D78DA16FC9C3C7709EA243 /* LICENSE */,
			);
			name = "Podspec Metadata";
			sourceTree = "<group>";
		};
		8E0A4379244A4A0400656518 /* Profile */ = {
			isa = PBXGroup;
			children = (
				8E6E1E3025353AA70024B8DF /* Views */,
				8E6E1E3125353ABE0024B8DF /* ProfileUIView.swift */,
				8E6E1E1125351F830024B8DF /* DocumentPreviewViewController.swift */,
				8E6E1E15253524500024B8DF /* WithdrawalViewController.swift */,
			);
			path = Profile;
			sourceTree = "<group>";
		};
		8E0A4380244A4A0400656518 /* Auth */ = {
			isa = PBXGroup;
			children = (
				8E0A4382244A4A0400656518 /* CKStudyUser.swift */,
			);
			path = Auth;
			sourceTree = "<group>";
		};
		8E0A4383244A4A0400656518 /* Supporting Files */ = {
			isa = PBXGroup;
			children = (
				8E0A4388244A4A0400656518 /* Assets.xcassets */,
				8E0A4389244A4A0400656518 /* LaunchScreen.storyboard */,
				8E0A4384244A4A0400656518 /* Constants.swift */,
				8E0A4378244A4A0300656518 /* CardinalKit_Example-Bridging-Header.h */,
				276399A029021BB4004DE158 /* GoogleService-Info.plist */,
				8E0A43C9244A4C6500656518 /* Info.plist */,
				E2F1FD7724D62064006C39DF /* CKConfiguration.plist */,
			);
			path = "Supporting Files";
			sourceTree = "<group>";
		};
		8E0A438D244A4A0400656518 /* Tasks */ = {
			isa = PBXGroup;
			children = (
				8E9CDF7F2591E62000C8A228 /* Model */,
				8E6E1E2F25353A550024B8DF /* Views */,
				8E6E1E25253537E40024B8DF /* TasksUIView.swift */,
			);
			path = Tasks;
			sourceTree = "<group>";
		};
		8E0A4399244A4A0400656518 /* Onboarding */ = {
			isa = PBXGroup;
			children = (
				2B8FB80227552ADD000B2D7B /* SignUp */,
				8E0A439C244A4A0400656518 /* Steps */,
				8E6E1E2125352C780024B8DF /* OnboardingUIView.swift */,
				8E6E1E082534F4100024B8DF /* OnboardingViewController.swift */,
				8E6E1E0A2534FF640024B8DF /* OnboardingViewController+Coordinator.swift */,
				8E6E1E0C25351D8F0024B8DF /* PageViewController.swift */,
				8E6E1E13253520440024B8DF /* PasscodeViewController.swift */,
				E2680B1A260A72DD00B755EA /* LoginExistingUserViewController.swift */,
			);
			path = Onboarding;
			sourceTree = "<group>";
		};
		8E0A439C244A4A0400656518 /* Steps */ = {
			isa = PBXGroup;
			children = (
				8E0A43A0244A4A0400656518 /* Views */,
				D253D131250D1BDB00A363E4 /* CKSignInWithAppleStep.swift */,
				8E0A439D244A4A0400656518 /* CKHealthDataStepViewController.swift */,
				8EA6648625930B6B00B6A45A /* CKHealthRecordsStepViewController.swift */,
				8E0A439F244A4A0400656518 /* PasswordlessLoginStep.swift */,
				8E0A43A3244A4A0400656518 /* LoginCustomWaitStepViewController.swift */,
				E2DF9F092500C9CE00A93B93 /* LoginViewController.swift */,
			);
			path = Steps;
			sourceTree = "<group>";
		};
		8E0A43A0244A4A0400656518 /* Views */ = {
			isa = PBXGroup;
			children = (
				8E0A43A1244A4A0400656518 /* LoginCustomWaitStepView.xib */,
			);
			path = Views;
			sourceTree = "<group>";
		};
		8E0A43C5244A4A5700656518 /* Library */ = {
			isa = PBXGroup;
			children = (
				8E9CDF802591E6B800C8A228 /* Configuration */,
				8E9CDECE2591ABDF00C8A228 /* HealthKit */,
				8E40DC022471E5590027536B /* Networking */,
				8E0A4380244A4A0400656518 /* Auth */,
				8E9CDF812591E6D000C8A228 /* ResearchKit */,
				2FFFA2BD29024EFD009D289D /* ResearchKitOnFHIR */,
				8E9CDEAB25916F6E00C8A228 /* CareKit */,
				8E6E1E0F25351E890024B8DF /* Extensions+UIColor.swift */,
				8E6E1E3325353AFE0024B8DF /* EmailHelper.swift */,
				8E9CDFAD2592B79900C8A228 /* Metrics.swift */,
				8EA664B32594387900B6A45A /* Errors.swift */,
			);
			path = Library;
			sourceTree = "<group>";
		};
		8E40DC022471E5590027536B /* Networking */ = {
			isa = PBXGroup;
			children = (
			);
			path = Networking;
			sourceTree = "<group>";
		};
		8E6E1E2F25353A550024B8DF /* Views */ = {
			isa = PBXGroup;
			children = (
				8E9CDF822592844A00C8A228 /* LearnUIView.swift */,
				8EA664222592E57200B6A45A /* SensorsDemoUIView.swift */,
				8E7FFFB725DE350A002982B4 /* CoffeeUIView.swift */,
				8E7FFFBA25DE37FF002982B4 /* CoffeePieChartView.swift */,
				27653A12272A2E7700D74E83 /* LocalTaskListItemView.swift */,
				8E6E1E27253538CC0024B8DF /* CloudTaskListItemView.swift */,
			);
			path = Views;
			sourceTree = "<group>";
		};
		8E6E1E3025353AA70024B8DF /* Views */ = {
			isa = PBXGroup;
			children = (
				8E6E1E1F253529760024B8DF /* DocumentView.swift */,
				8E6E1E19253528450024B8DF /* WithdrawView.swift */,
				8E6E1E1B253528D70024B8DF /* ReportView.swift */,
				8E6E1E1D253528F50024B8DF /* SupportView.swift */,
				8E6E1E292535398D0024B8DF /* HelpView.swift */,
				8E6E1E2B253539AE0024B8DF /* ChangePasscodeView.swift */,
				8E6E1E2D25353A1E0024B8DF /* PatientIDView.swift */,
				8EA664AC2593380D00B6A45A /* SendRecordsView.swift */,
			);
			path = Views;
			sourceTree = "<group>";
		};
		8E9CDEA525915F6600C8A228 /* Schedule */ = {
			isa = PBXGroup;
			children = (
				8E9CDEB02591737A00C8A228 /* Views */,
				8E9CDEA625916B2800C8A228 /* ScheduleViewControllerRepresentable.swift */,
				8E9CDEA825916E6600C8A228 /* ScheduleViewController.swift */,
			);
			path = Schedule;
			sourceTree = "<group>";
		};
		8E9CDEAA25916F2A00C8A228 /* Components */ = {
			isa = PBXGroup;
			children = (
				8E6E1E23253537580024B8DF /* MainUIView.swift */,
				E29143FB24E74AD100EE97B2 /* LaunchUIView.swift */,
				8E0A4399244A4A0400656518 /* Onboarding */,
				8E9CDEA525915F6600C8A228 /* Schedule */,
				8E9CDEB42591818200C8A228 /* Care Team */,
				8E0A438D244A4A0400656518 /* Tasks */,
				8E0A4379244A4A0400656518 /* Profile */,
			);
			path = Components;
			sourceTree = "<group>";
		};
		8E9CDEAB25916F6E00C8A228 /* CareKit */ = {
			isa = PBXGroup;
			children = (
				8E9CDEAC259170AD00C8A228 /* CKCareKitManager.swift */,
				8E9CDEAE259172C200C8A228 /* CKCareKitManager+Sample.swift */,
				8EA664B1259422E400B6A45A /* CKCareKitRemoteSyncWithFirestore.swift */,
			);
			path = CareKit;
			sourceTree = "<group>";
		};
		8E9CDEB02591737A00C8A228 /* Views */ = {
			isa = PBXGroup;
			children = (
				2B19DD9526FE1D2F00649CE1 /* CheckListItemViewController.swift */,
				2B19DD9326FE1D2600649CE1 /* TestViewController.swift */,
				8E9CDEB12591739A00C8A228 /* TipView.swift */,
				8EA664AF25941A4D00B6A45A /* SurveyItemViewController.swift */,
			);
			path = Views;
			sourceTree = "<group>";
		};
		8E9CDEB42591818200C8A228 /* Care Team */ = {
			isa = PBXGroup;
			children = (
				8E9CDEB5259181B400C8A228 /* CareTeamViewControllerRepresentable.swift */,
			);
			path = "Care Team";
			sourceTree = "<group>";
		};
		8E9CDECE2591ABDF00C8A228 /* HealthKit */ = {
			isa = PBXGroup;
			children = (
				8E9CDECF2591AC4A00C8A228 /* CKHealthKitManager.swift */,
				8E9CDF132591B73900C8A228 /* CKHealthRecordsManager.swift */,
			);
			path = HealthKit;
			sourceTree = "<group>";
		};
		8E9CDF7F2591E62000C8A228 /* Model */ = {
			isa = PBXGroup;
			children = (
				8E0A438F244A4A0400656518 /* TaskSamples.swift */,
				8E7FFFBC25DE38E4002982B4 /* CoffeeChartDataSource.swift */,
				8E0A4391244A4A0400656518 /* LocalTaskItem.swift */,
				2BD5328426C30F2E00C4636E /* CloudTaskItem.swift */,
			);
			path = Model;
			sourceTree = "<group>";
		};
		8E9CDF802591E6B800C8A228 /* Configuration */ = {
			isa = PBXGroup;
			children = (
				8E9CDEB92591843200C8A228 /* CKConfig.swift */,
				E2F1FD7524D61EDA006C39DF /* CKPropertyReader.swift */,
			);
			path = Configuration;
			sourceTree = "<group>";
		};
		8E9CDF812591E6D000C8A228 /* ResearchKit */ = {
			isa = PBXGroup;
			children = (
				2B19DD9126FE1BEB00649CE1 /* JsonToSurvey.swift */,
				2BD5328226C2CC4E00C4636E /* CKResearchSurveysManager.swift */,
				2BF6451F26C1DBE70020C206 /* CK_ORKSerialization.swift */,
				8E0A4386244A4A0400656518 /* ORKESerialization.m */,
				8E0A4387244A4A0400656518 /* ORKESerialization.h */,
				8E0A43A2244A4A0400656518 /* ConsentDocument.swift */,
				8E6E1E172535263F0024B8DF /* CKTaskViewController.swift */,
				8E7FFFB325DCE9B7002982B4 /* CKUploadToGCPTaskViewControllerDelegate.swift */,
				270CDC0928A65A0100F2F053 /* CKFHIRTaskViewController.swift */,
				270CDC0B28A65AD300F2F053 /* CKUploadFHIRTaskViewControllerDelegate.swift */,
			);
			path = ResearchKit;
			sourceTree = "<group>";
		};
		A562A578C883F67F0DAE1385 /* Pods */ = {
			isa = PBXGroup;
			children = (
			);
			path = Pods;
			sourceTree = "<group>";
		};
/* End PBXGroup section */

/* Begin PBXNativeTarget section */
		607FACCF1AFB9204008FA782 /* CardinalKit_Example */ = {
			isa = PBXNativeTarget;
			buildConfigurationList = 607FACEF1AFB9204008FA782 /* Build configuration list for PBXNativeTarget "CardinalKit_Example" */;
			buildPhases = (
				607FACCC1AFB9204008FA782 /* Sources */,
				607FACCD1AFB9204008FA782 /* Frameworks */,
				607FACCE1AFB9204008FA782 /* Resources */,
				8E0A43D0244A60D800656518 /* Embed Frameworks */,
			);
			buildRules = (
			);
			dependencies = (
			);
			name = CardinalKit_Example;
			packageProductDependencies = (
				8E9CDE902591534B00C8A228 /* CareKitStore */,
				8E9CDE922591534B00C8A228 /* CareKitFHIR */,
				8E9CDE942591534B00C8A228 /* CareKit */,
				8E9CDE962591534B00C8A228 /* CareKitUI */,
			);
			productName = CardinalKit;
			productReference = 607FACD01AFB9204008FA782 /* CardinalKit Example.app */;
			productType = "com.apple.product-type.application";
		};
/* End PBXNativeTarget section */

/* Begin PBXProject section */
		607FACC81AFB9204008FA782 /* Project object */ = {
			isa = PBXProject;
			attributes = {
				LastSwiftUpdateCheck = 0830;
				LastUpgradeCheck = 0830;
				ORGANIZATIONNAME = CardinalKit;
				TargetAttributes = {
					607FACCF1AFB9204008FA782 = {
						CreatedOnToolsVersion = 6.3.1;
						LastSwiftMigration = 1120;
					};
				};
			};
			buildConfigurationList = 607FACCB1AFB9204008FA782 /* Build configuration list for PBXProject "CardinalKit" */;
			compatibilityVersion = "Xcode 3.2";
			developmentRegion = English;
			hasScannedForEncodings = 0;
			knownRegions = (
				English,
				en,
				Base,
			);
			mainGroup = 607FACC71AFB9204008FA782;
			packageReferences = (
				8E9CDE8F2591534B00C8A228 /* XCRemoteSwiftPackageReference "CareKit" */,
			);
			productRefGroup = 607FACD11AFB9204008FA782 /* Products */;
			projectDirPath = "";
			projectRoot = "";
			targets = (
				607FACCF1AFB9204008FA782 /* CardinalKit_Example */,
			);
		};
/* End PBXProject section */

/* Begin PBXResourcesBuildPhase section */
		607FACCE1AFB9204008FA782 /* Resources */ = {
			isa = PBXResourcesBuildPhase;
			buildActionMask = 2147483647;
			files = (
				8E0A43AF244A4A0400656518 /* Assets.xcassets in Resources */,
				8E0A43B0244A4A0400656518 /* LaunchScreen.storyboard in Resources */,
				276399A129021BB5004DE158 /* GoogleService-Info.plist in Resources */,
				E2F1FD7824D62064006C39DF /* CKConfiguration.plist in Resources */,
				8E0A43C1244A4A0400656518 /* LoginCustomWaitStepView.xib in Resources */,
			);
			runOnlyForDeploymentPostprocessing = 0;
		};
/* End PBXResourcesBuildPhase section */

/* Begin PBXSourcesBuildPhase section */
		607FACCC1AFB9204008FA782 /* Sources */ = {
			isa = PBXSourcesBuildPhase;
			buildActionMask = 2147483647;
			files = (
				E2DF9F0A2500C9CE00A93B93 /* LoginViewController.swift in Sources */,
				2FFFA2D229025241009D289D /* ORKESerialization.m in Sources */,
				8E6E1E14253520440024B8DF /* PasscodeViewController.swift in Sources */,
				2B19DD9626FE1D2F00649CE1 /* CheckListItemViewController.swift in Sources */,
				2B19DD9426FE1D2600649CE1 /* TestViewController.swift in Sources */,
				E29143FC24E74AD100EE97B2 /* LaunchUIView.swift in Sources */,
				2B8FB80427552B02000B2D7B /* CKMultipleSignInStep.swift in Sources */,
				270CDC0C28A65AD300F2F053 /* CKUploadFHIRTaskViewControllerDelegate.swift in Sources */,
				8EA6648725930B6B00B6A45A /* CKHealthRecordsStepViewController.swift in Sources */,
				8E0A43C0244A4A0400656518 /* PasswordlessLoginStep.swift in Sources */,
				8EA664B2259422E400B6A45A /* CKCareKitRemoteSyncWithFirestore.swift in Sources */,
				8EA664AD2593380D00B6A45A /* SendRecordsView.swift in Sources */,
				8E6E1E28253538CC0024B8DF /* CloudTaskListItemView.swift in Sources */,
				8E0A43B3244A4A0400656518 /* TaskSamples.swift in Sources */,
				8E6E1E2225352C780024B8DF /* OnboardingUIView.swift in Sources */,
				8E6E1E1A253528450024B8DF /* WithdrawView.swift in Sources */,
				8E6E1E2E25353A1E0024B8DF /* PatientIDView.swift in Sources */,
				8E6E1E0B2534FF640024B8DF /* OnboardingViewController+Coordinator.swift in Sources */,
				8EA664B025941A4D00B6A45A /* SurveyItemViewController.swift in Sources */,
				8E9CDEBA2591843200C8A228 /* CKConfig.swift in Sources */,
				2F94C5F22536543600DF8866 /* SceneDelegate+CardinalKit.swift in Sources */,
				8E9CDFAE2592B79900C8A228 /* Metrics.swift in Sources */,
				27653A13272A2E7700D74E83 /* LocalTaskListItemView.swift in Sources */,
				8E6E1E092534F4100024B8DF /* OnboardingViewController.swift in Sources */,
				8E7FFFB425DCE9B7002982B4 /* CKUploadToGCPTaskViewControllerDelegate.swift in Sources */,
				2FFFA2CC29024EFD009D289D /* ORKNavigableOrderedTask+FHIR.swift in Sources */,
				2FFFA2C829024EFD009D289D /* ORKTaskResult+FHIR.swift in Sources */,
				8EBE6F9C24B3C0E60093D07C /* AppDelegate+CardinalKit.swift in Sources */,
				8E0A43B9244A4A0400656518 /* AppDelegate.swift in Sources */,
				8EA664232592E57200B6A45A /* SensorsDemoUIView.swift in Sources */,
				2FFFA2CB29024EFD009D289D /* NavigationRules.swift in Sources */,
				8E6E1E3225353ABE0024B8DF /* ProfileUIView.swift in Sources */,
				8E6E1E1E253528F50024B8DF /* SupportView.swift in Sources */,
				8E6E1E1C253528D70024B8DF /* ReportView.swift in Sources */,
				2FFFA2C929024EFD009D289D /* FHIRToResearchKitConversionError.swift in Sources */,
				8E6E1E26253537E40024B8DF /* TasksUIView.swift in Sources */,
				8E9CDEAD259170AD00C8A228 /* CKCareKitManager.swift in Sources */,
				8E6E1E3425353AFE0024B8DF /* EmailHelper.swift in Sources */,
				8E6E1E24253537580024B8DF /* MainUIView.swift in Sources */,
				8E6E1E182535263F0024B8DF /* CKTaskViewController.swift in Sources */,
				8E9CDF142591B73900C8A228 /* CKHealthRecordsManager.swift in Sources */,
				8EA664B42594387900B6A45A /* Errors.swift in Sources */,
				8E6E1E1225351F830024B8DF /* DocumentPreviewViewController.swift in Sources */,
				8E6E1E20253529760024B8DF /* DocumentView.swift in Sources */,
				8E7FFFBB25DE37FF002982B4 /* CoffeePieChartView.swift in Sources */,
				8E7FFFB825DE350A002982B4 /* CoffeeUIView.swift in Sources */,
				2B19DD9226FE1BEB00649CE1 /* JsonToSurvey.swift in Sources */,
				8E0A43B5244A4A0400656518 /* LocalTaskItem.swift in Sources */,
				2BD5328326C2CC4E00C4636E /* CKResearchSurveysManager.swift in Sources */,
				2FFFA2CA29024EFD009D289D /* QuestionnaireItem+ResearchKit.swift in Sources */,
				8E6E1E2C253539AE0024B8DF /* ChangePasscodeView.swift in Sources */,
				8E0A43AD244A4A0400656518 /* Constants.swift in Sources */,
				270CDC0A28A65A0100F2F053 /* CKFHIRTaskViewController.swift in Sources */,
				8E0A43BE244A4A0400656518 /* CKHealthDataStepViewController.swift in Sources */,
				2BF6452026C1DBE70020C206 /* CK_ORKSerialization.swift in Sources */,
				2FFFA2CD29024EFD009D289D /* Questionnaire+ValueSets.swift in Sources */,
				8E9CDEB6259181B400C8A228 /* CareTeamViewControllerRepresentable.swift in Sources */,
				8E9CDEAF259172C200C8A228 /* CKCareKitManager+Sample.swift in Sources */,
				8E9CDEA925916E6600C8A228 /* ScheduleViewController.swift in Sources */,
				2BD5328526C30F2E00C4636E /* CloudTaskItem.swift in Sources */,
				D253D132250D1BDB00A363E4 /* CKSignInWithAppleStep.swift in Sources */,
				8E6E1E0D25351D8F0024B8DF /* PageViewController.swift in Sources */,
				8E0A43AC244A4A0400656518 /* CKStudyUser.swift in Sources */,
				8E0A43C3244A4A0400656518 /* LoginCustomWaitStepViewController.swift in Sources */,
				8E9CDEB22591739A00C8A228 /* TipView.swift in Sources */,
				8E7FFFBD25DE38E4002982B4 /* CoffeeChartDataSource.swift in Sources */,
				E2F1FD7624D61EDA006C39DF /* CKPropertyReader.swift in Sources */,
				8E6E1E1025351E890024B8DF /* Extensions+UIColor.swift in Sources */,
				8E9CDF832592844A00C8A228 /* LearnUIView.swift in Sources */,
				8E9CDEA725916B2800C8A228 /* ScheduleViewControllerRepresentable.swift in Sources */,
				2FFFA2CE29024EFD009D289D /* FHIRExtensions.swift in Sources */,
				2B932F84276BF8D300AB3A02 /* CKReviewConsentDocument.swift in Sources */,
				E235077724F7082700CC1899 /* SceneDelegate.swift in Sources */,
				8E6E1E16253524500024B8DF /* WithdrawalViewController.swift in Sources */,
				E2680B1B260A72DD00B755EA /* LoginExistingUserViewController.swift in Sources */,
				8E6E1E2A2535398D0024B8DF /* HelpView.swift in Sources */,
				8E9CDED02591AC4A00C8A228 /* CKHealthKitManager.swift in Sources */,
				8E0A43C2244A4A0400656518 /* ConsentDocument.swift in Sources */,
			);
			runOnlyForDeploymentPostprocessing = 0;
		};
/* End PBXSourcesBuildPhase section */

/* Begin PBXVariantGroup section */
		8E0A4389244A4A0400656518 /* LaunchScreen.storyboard */ = {
			isa = PBXVariantGroup;
			children = (
				8E0A438A244A4A0400656518 /* Base */,
			);
			name = LaunchScreen.storyboard;
			sourceTree = "<group>";
		};
/* End PBXVariantGroup section */

/* Begin XCBuildConfiguration section */
		607FACED1AFB9204008FA782 /* Debug */ = {
			isa = XCBuildConfiguration;
			buildSettings = {
				ALWAYS_SEARCH_USER_PATHS = NO;
				CLANG_CXX_LANGUAGE_STANDARD = "gnu++0x";
				CLANG_CXX_LIBRARY = "libc++";
				CLANG_ENABLE_MODULES = YES;
				CLANG_ENABLE_OBJC_ARC = YES;
				CLANG_WARN_BLOCK_CAPTURE_AUTORELEASING = YES;
				CLANG_WARN_BOOL_CONVERSION = YES;
				CLANG_WARN_COMMA = YES;
				CLANG_WARN_CONSTANT_CONVERSION = YES;
				CLANG_WARN_DIRECT_OBJC_ISA_USAGE = YES_ERROR;
				CLANG_WARN_EMPTY_BODY = YES;
				CLANG_WARN_ENUM_CONVERSION = YES;
				CLANG_WARN_INFINITE_RECURSION = YES;
				CLANG_WARN_INT_CONVERSION = YES;
				CLANG_WARN_NON_LITERAL_NULL_CONVERSION = YES;
				CLANG_WARN_OBJC_LITERAL_CONVERSION = YES;
				CLANG_WARN_OBJC_ROOT_CLASS = YES_ERROR;
				CLANG_WARN_RANGE_LOOP_ANALYSIS = YES;
				CLANG_WARN_STRICT_PROTOTYPES = YES;
				CLANG_WARN_SUSPICIOUS_MOVE = YES;
				CLANG_WARN_UNREACHABLE_CODE = YES;
				CLANG_WARN__DUPLICATE_METHOD_MATCH = YES;
				"CODE_SIGN_IDENTITY[sdk=iphoneos*]" = "iPhone Developer";
				COPY_PHASE_STRIP = NO;
				DEBUG_INFORMATION_FORMAT = "dwarf-with-dsym";
				ENABLE_STRICT_OBJC_MSGSEND = YES;
				ENABLE_TESTABILITY = YES;
				GCC_C_LANGUAGE_STANDARD = gnu99;
				GCC_DYNAMIC_NO_PIC = NO;
				GCC_NO_COMMON_BLOCKS = YES;
				GCC_OPTIMIZATION_LEVEL = 0;
				GCC_PREPROCESSOR_DEFINITIONS = (
					"DEBUG=1",
					"$(inherited)",
				);
				GCC_SYMBOLS_PRIVATE_EXTERN = NO;
				GCC_WARN_64_TO_32_BIT_CONVERSION = YES;
				GCC_WARN_ABOUT_RETURN_TYPE = YES_ERROR;
				GCC_WARN_UNDECLARED_SELECTOR = YES;
				GCC_WARN_UNINITIALIZED_AUTOS = YES_AGGRESSIVE;
				GCC_WARN_UNUSED_FUNCTION = YES;
				GCC_WARN_UNUSED_VARIABLE = YES;
				IPHONEOS_DEPLOYMENT_TARGET = 14.3;
				MTL_ENABLE_DEBUG_INFO = YES;
				ONLY_ACTIVE_ARCH = YES;
				SDKROOT = iphoneos;
				SWIFT_OPTIMIZATION_LEVEL = "-Onone";
			};
			name = Debug;
		};
		607FACEE1AFB9204008FA782 /* Release */ = {
			isa = XCBuildConfiguration;
			buildSettings = {
				ALWAYS_SEARCH_USER_PATHS = NO;
				CLANG_CXX_LANGUAGE_STANDARD = "gnu++0x";
				CLANG_CXX_LIBRARY = "libc++";
				CLANG_ENABLE_MODULES = YES;
				CLANG_ENABLE_OBJC_ARC = YES;
				CLANG_WARN_BLOCK_CAPTURE_AUTORELEASING = YES;
				CLANG_WARN_BOOL_CONVERSION = YES;
				CLANG_WARN_COMMA = YES;
				CLANG_WARN_CONSTANT_CONVERSION = YES;
				CLANG_WARN_DIRECT_OBJC_ISA_USAGE = YES_ERROR;
				CLANG_WARN_EMPTY_BODY = YES;
				CLANG_WARN_ENUM_CONVERSION = YES;
				CLANG_WARN_INFINITE_RECURSION = YES;
				CLANG_WARN_INT_CONVERSION = YES;
				CLANG_WARN_NON_LITERAL_NULL_CONVERSION = YES;
				CLANG_WARN_OBJC_LITERAL_CONVERSION = YES;
				CLANG_WARN_OBJC_ROOT_CLASS = YES_ERROR;
				CLANG_WARN_RANGE_LOOP_ANALYSIS = YES;
				CLANG_WARN_STRICT_PROTOTYPES = YES;
				CLANG_WARN_SUSPICIOUS_MOVE = YES;
				CLANG_WARN_UNREACHABLE_CODE = YES;
				CLANG_WARN__DUPLICATE_METHOD_MATCH = YES;
				"CODE_SIGN_IDENTITY[sdk=iphoneos*]" = "iPhone Developer";
				COPY_PHASE_STRIP = NO;
				DEBUG_INFORMATION_FORMAT = "dwarf-with-dsym";
				ENABLE_NS_ASSERTIONS = NO;
				ENABLE_STRICT_OBJC_MSGSEND = YES;
				GCC_C_LANGUAGE_STANDARD = gnu99;
				GCC_NO_COMMON_BLOCKS = YES;
				GCC_WARN_64_TO_32_BIT_CONVERSION = YES;
				GCC_WARN_ABOUT_RETURN_TYPE = YES_ERROR;
				GCC_WARN_UNDECLARED_SELECTOR = YES;
				GCC_WARN_UNINITIALIZED_AUTOS = YES_AGGRESSIVE;
				GCC_WARN_UNUSED_FUNCTION = YES;
				GCC_WARN_UNUSED_VARIABLE = YES;
				IPHONEOS_DEPLOYMENT_TARGET = 14.3;
				MTL_ENABLE_DEBUG_INFO = NO;
				SDKROOT = iphoneos;
				SWIFT_COMPILATION_MODE = wholemodule;
				SWIFT_OPTIMIZATION_LEVEL = "-O";
				VALIDATE_PRODUCT = YES;
			};
			name = Release;
		};
		607FACF01AFB9204008FA782 /* Debug */ = {
			isa = XCBuildConfiguration;
			buildSettings = {
				ASSETCATALOG_COMPILER_APPICON_NAME = AppIcon;
				CLANG_ENABLE_MODULES = YES;
				CODE_SIGN_ENTITLEMENTS = "CardinalKit-Example.entitlements";
				CURRENT_PROJECT_VERSION = 1;
				DEVELOPMENT_TEAM = "";
				INFOPLIST_FILE = "CardinalKit/Supporting Files/Info.plist";
				IPHONEOS_DEPLOYMENT_TARGET = 14.3;
				LD_RUNPATH_SEARCH_PATHS = (
					"$(inherited)",
					"@executable_path/Frameworks",
				);
				MARKETING_VERSION = 2.1.0;
				MODULE_NAME = ExampleApp;
				PRODUCT_BUNDLE_IDENTIFIER = edu.stanford.cardinalkitexample;
				PRODUCT_NAME = "CardinalKit Example";
				SWIFT_OBJC_BRIDGING_HEADER = "CardinalKit/Supporting Files/CardinalKit_Example-Bridging-Header.h";
				SWIFT_OPTIMIZATION_LEVEL = "-Onone";
				SWIFT_SWIFT3_OBJC_INFERENCE = Default;
				SWIFT_VERSION = 4.2;
			};
			name = Debug;
		};
		607FACF11AFB9204008FA782 /* Release */ = {
			isa = XCBuildConfiguration;
			buildSettings = {
				ASSETCATALOG_COMPILER_APPICON_NAME = AppIcon;
				CLANG_ENABLE_MODULES = YES;
				CODE_SIGN_ENTITLEMENTS = CardinalKit_ExampleRelease.entitlements;
				CODE_SIGN_IDENTITY = "Apple Development";
				"CODE_SIGN_IDENTITY[sdk=iphoneos*]" = "iPhone Distribution";
				CODE_SIGN_STYLE = Manual;
				CURRENT_PROJECT_VERSION = 1;
				DEVELOPMENT_TEAM = "";
				"DEVELOPMENT_TEAM[sdk=iphoneos*]" = 637867499T;
				INFOPLIST_FILE = "CardinalKit/Supporting Files/Info.plist";
				IPHONEOS_DEPLOYMENT_TARGET = 14.3;
				LD_RUNPATH_SEARCH_PATHS = (
					"$(inherited)",
					"@executable_path/Frameworks",
				);
				MARKETING_VERSION = 2.1.0;
				MODULE_NAME = ExampleApp;
				PRODUCT_BUNDLE_IDENTIFIER = edu.stanford.cardinalkitexample;
				PRODUCT_NAME = "CardinalKit Example";
				PROVISIONING_PROFILE_SPECIFIER = "";
				"PROVISIONING_PROFILE_SPECIFIER[sdk=iphoneos*]" = "CardinalKit Example";
				SWIFT_OBJC_BRIDGING_HEADER = "CardinalKit/Supporting Files/CardinalKit_Example-Bridging-Header.h";
				SWIFT_SWIFT3_OBJC_INFERENCE = Default;
				SWIFT_VERSION = 4.2;
			};
			name = Release;
		};
/* End XCBuildConfiguration section */

/* Begin XCConfigurationList section */
		607FACCB1AFB9204008FA782 /* Build configuration list for PBXProject "CardinalKit" */ = {
			isa = XCConfigurationList;
			buildConfigurations = (
				607FACED1AFB9204008FA782 /* Debug */,
				607FACEE1AFB9204008FA782 /* Release */,
			);
			defaultConfigurationIsVisible = 0;
			defaultConfigurationName = Release;
		};
		607FACEF1AFB9204008FA782 /* Build configuration list for PBXNativeTarget "CardinalKit_Example" */ = {
			isa = XCConfigurationList;
			buildConfigurations = (
				607FACF01AFB9204008FA782 /* Debug */,
				607FACF11AFB9204008FA782 /* Release */,
			);
			defaultConfigurationIsVisible = 0;
			defaultConfigurationName = Release;
		};
/* End XCConfigurationList section */

/* Begin XCRemoteSwiftPackageReference section */
		8E9CDE8F2591534B00C8A228 /* XCRemoteSwiftPackageReference "CareKit" */ = {
			isa = XCRemoteSwiftPackageReference;
			repositoryURL = "https://github.com/carekit-apple/CareKit";
			requirement = {
				kind = revision;
				revision = 4936c622d55d876ccf43d7a4f4fa6acdf4db6747;
			};
		};
/* End XCRemoteSwiftPackageReference section */

/* Begin XCSwiftPackageProductDependency section */
		8E9CDE902591534B00C8A228 /* CareKitStore */ = {
			isa = XCSwiftPackageProductDependency;
			package = 8E9CDE8F2591534B00C8A228 /* XCRemoteSwiftPackageReference "CareKit" */;
			productName = CareKitStore;
		};
		8E9CDE922591534B00C8A228 /* CareKitFHIR */ = {
			isa = XCSwiftPackageProductDependency;
			package = 8E9CDE8F2591534B00C8A228 /* XCRemoteSwiftPackageReference "CareKit" */;
			productName = CareKitFHIR;
		};
		8E9CDE942591534B00C8A228 /* CareKit */ = {
			isa = XCSwiftPackageProductDependency;
			package = 8E9CDE8F2591534B00C8A228 /* XCRemoteSwiftPackageReference "CareKit" */;
			productName = CareKit;
		};
		8E9CDE962591534B00C8A228 /* CareKitUI */ = {
			isa = XCSwiftPackageProductDependency;
			package = 8E9CDE8F2591534B00C8A228 /* XCRemoteSwiftPackageReference "CareKit" */;
			productName = CareKitUI;
		};
/* End XCSwiftPackageProductDependency section */
	};
	rootObject = 607FACC81AFB9204008FA782 /* Project object */;
}
